// !$*UTF8*$!
{
	archiveVersion = 1;
	classes = {
	};
	objectVersion = 55;
	objects = {

/* Begin PBXBuildFile section */
		4F3B8A5D2948C58B0037367E /* InterstitialAd.swift in Sources */ = {isa = PBXBuildFile; fileRef = 4F3B8A5C2948C58B0037367E /* InterstitialAd.swift */; };
		4F3B8A5F2948C5AB0037367E /* InterstitialViewController.swift in Sources */ = {isa = PBXBuildFile; fileRef = 4F3B8A5E2948C5AB0037367E /* InterstitialViewController.swift */; };
		4F3B8A612948C68E0037367E /* InterstitialView.swift in Sources */ = {isa = PBXBuildFile; fileRef = 4F3B8A602948C68E0037367E /* InterstitialView.swift */; };
		4F3B8A632948CED10037367E /* InterstitialViewModel.swift in Sources */ = {isa = PBXBuildFile; fileRef = 4F3B8A622948CED10037367E /* InterstitialViewModel.swift */; };
		892B1A7728D1F2DC001E7AEA /* RewardedAd.swift in Sources */ = {isa = PBXBuildFile; fileRef = 892B1A7628D1F2DC001E7AEA /* RewardedAd.swift */; };
		892B1A7928D1F312001E7AEA /* RewardedViewController.swift in Sources */ = {isa = PBXBuildFile; fileRef = 892B1A7828D1F312001E7AEA /* RewardedViewController.swift */; };
		892B1A7B28D2089F001E7AEA /* RewardedView.swift in Sources */ = {isa = PBXBuildFile; fileRef = 892B1A7A28D2089F001E7AEA /* RewardedView.swift */; };
		895E29462949FD1F00420050 /* RewardedViewModel.swift in Sources */ = {isa = PBXBuildFile; fileRef = 895E29452949FD1F00420050 /* RewardedViewModel.swift */; };
		895E294A294B59BD00420050 /* InstreamViewModel.swift in Sources */ = {isa = PBXBuildFile; fileRef = 895E2949294B59BD00420050 /* InstreamViewModel.swift */; };
		89661E1228C77F490085A8DE /* BannerViewController.swift in Sources */ = {isa = PBXBuildFile; fileRef = 89661E1128C77F490085A8DE /* BannerViewController.swift */; };
		89661E1428C7815D0085A8DE /* BannerView.swift in Sources */ = {isa = PBXBuildFile; fileRef = 89661E1328C7815D0085A8DE /* BannerView.swift */; };
		89661E1728C782750085A8DE /* BannerAd.swift in Sources */ = {isa = PBXBuildFile; fileRef = 89661E1628C782750085A8DE /* BannerAd.swift */; };
		89661E1A28C8B3700085A8DE /* DefaultSlots.swift in Sources */ = {isa = PBXBuildFile; fileRef = 89661E1928C8B3700085A8DE /* DefaultSlots.swift */; };
		89661E1C28CB994B0085A8DE /* Constants.swift in Sources */ = {isa = PBXBuildFile; fileRef = 89661E1B28CB994B0085A8DE /* Constants.swift */; };
		897306B2294CAD2500B689C5 /* BorderedButton.swift in Sources */ = {isa = PBXBuildFile; fileRef = 897306B1294CAD2500B689C5 /* BorderedButton.swift */; };
		897306B5294CAD8300B689C5 /* HeadlineText.swift in Sources */ = {isa = PBXBuildFile; fileRef = 897306B4294CAD8300B689C5 /* HeadlineText.swift */; };
		897306B7294CADA200B689C5 /* SubheadlineLabelText.swift in Sources */ = {isa = PBXBuildFile; fileRef = 897306B6294CADA200B689C5 /* SubheadlineLabelText.swift */; };
		897306B9294CADB100B689C5 /* SubheadlineValueText.swift in Sources */ = {isa = PBXBuildFile; fileRef = 897306B8294CADB100B689C5 /* SubheadlineValueText.swift */; };
		897306BB2951C82800B689C5 /* BannerViewModel.swift in Sources */ = {isa = PBXBuildFile; fileRef = 897306BA2951C82800B689C5 /* BannerViewModel.swift */; };
		897306BD295481DD00B689C5 /* ProgressView.swift in Sources */ = {isa = PBXBuildFile; fileRef = 897306BC295481DD00B689C5 /* ProgressView.swift */; };
		897306BF2954820700B689C5 /* WrapperView.swift in Sources */ = {isa = PBXBuildFile; fileRef = 897306BE2954820700B689C5 /* WrapperView.swift */; };
		897862CC28E7096D0061273F /* AdState.swift in Sources */ = {isa = PBXBuildFile; fileRef = 897862CB28E7096D0061273F /* AdState.swift */; };
		897862CE28EADE710061273F /* SplashScreen.swift in Sources */ = {isa = PBXBuildFile; fileRef = 897862CD28EADE710061273F /* SplashScreen.swift */; };
		897862D028EAE9830061273F /* NativeBannerAd.swift in Sources */ = {isa = PBXBuildFile; fileRef = 897862CF28EAE9830061273F /* NativeBannerAd.swift */; };
		897862D228EAEB4F0061273F /* NativeAd.swift in Sources */ = {isa = PBXBuildFile; fileRef = 897862D128EAEB4F0061273F /* NativeAd.swift */; };
		897862D428EAECB70061273F /* NativeBannerViewController.swift in Sources */ = {isa = PBXBuildFile; fileRef = 897862D328EAECB70061273F /* NativeBannerViewController.swift */; };
		897862D628EB01790061273F /* NativeBannerView.swift in Sources */ = {isa = PBXBuildFile; fileRef = 897862D528EB01790061273F /* NativeBannerView.swift */; };
		897862E128EC60DE0061273F /* NativeBannerViewModel.swift in Sources */ = {isa = PBXBuildFile; fileRef = 897862E028EC60DE0061273F /* NativeBannerViewModel.swift */; };
		897862E328EEFD0E0061273F /* InstreamAd.swift in Sources */ = {isa = PBXBuildFile; fileRef = 897862E228EEFD0E0061273F /* InstreamAd.swift */; };
		897862E528EEFD290061273F /* InstreamView.swift in Sources */ = {isa = PBXBuildFile; fileRef = 897862E428EEFD290061273F /* InstreamView.swift */; };
		897862E728EEFDB60061273F /* InstreamViewController.swift in Sources */ = {isa = PBXBuildFile; fileRef = 897862E628EEFDB60061273F /* InstreamViewController.swift */; };
		897862EC28F039F40061273F /* VideoPlayerView.swift in Sources */ = {isa = PBXBuildFile; fileRef = 897862E928F039F40061273F /* VideoPlayerView.swift */; };
		897862ED28F039F40061273F /* VideoProgressView.swift in Sources */ = {isa = PBXBuildFile; fileRef = 897862EA28F039F40061273F /* VideoProgressView.swift */; };
		89A1EE3828FD6F9500F234FE /* NativeViewController.swift in Sources */ = {isa = PBXBuildFile; fileRef = 89A1EE3728FD6F9500F234FE /* NativeViewController.swift */; };
		89A1EE3A28FD70CA00F234FE /* NativeView.swift in Sources */ = {isa = PBXBuildFile; fileRef = 89A1EE3928FD70CA00F234FE /* NativeView.swift */; };
		89A1EE3C28FD712200F234FE /* NativeViewModel.swift in Sources */ = {isa = PBXBuildFile; fileRef = 89A1EE3B28FD712200F234FE /* NativeViewModel.swift */; };
		89CB57E3298BB58B00CB28CA /* UIApplication+RootViewController.swift in Sources */ = {isa = PBXBuildFile; fileRef = 89CB57E2298BB58B00CB28CA /* UIApplication+RootViewController.swift */; };
		89FD154728C0EC5400CD4041 /* MyTargetDemoApp.swift in Sources */ = {isa = PBXBuildFile; fileRef = 89FD154628C0EC5400CD4041 /* MyTargetDemoApp.swift */; };
		89FD154928C0EC5400CD4041 /* MainView.swift in Sources */ = {isa = PBXBuildFile; fileRef = 89FD154828C0EC5400CD4041 /* MainView.swift */; };
		89FD154B28C0EC5400CD4041 /* Assets.xcassets in Resources */ = {isa = PBXBuildFile; fileRef = 89FD154A28C0EC5400CD4041 /* Assets.xcassets */; };
		89FD154E28C0EC5400CD4041 /* Preview Assets.xcassets in Resources */ = {isa = PBXBuildFile; fileRef = 89FD154D28C0EC5400CD4041 /* Preview Assets.xcassets */; };
		89FD155628C0ED7200CD4041 /* MyTargetSDK in Frameworks */ = {isa = PBXBuildFile; productRef = 89FD155528C0ED7200CD4041 /* MyTargetSDK */; };
		89FD155B28C6009F00CD4041 /* MainMenu.swift in Sources */ = {isa = PBXBuildFile; fileRef = 89FD155A28C6009F00CD4041 /* MainMenu.swift */; };
		89FD155D28C6010900CD4041 /* Advertisment.swift in Sources */ = {isa = PBXBuildFile; fileRef = 89FD155C28C6010900CD4041 /* Advertisment.swift */; };
		89FD155F28C6012700CD4041 /* AdvertismentType.swift in Sources */ = {isa = PBXBuildFile; fileRef = 89FD155E28C6012700CD4041 /* AdvertismentType.swift */; };
		89FD156328C6048F00CD4041 /* MenuViewModel.swift in Sources */ = {isa = PBXBuildFile; fileRef = 89FD156228C6048F00CD4041 /* MenuViewModel.swift */; };
		8A8CB4DB29C4E78C000AD2AF /* InstreamViewModel+State.swift in Sources */ = {isa = PBXBuildFile; fileRef = 8A8CB4DA29C4E78C000AD2AF /* InstreamViewModel+State.swift */; };
		8A8CB4DD29C4F1EA000AD2AF /* InstreamViewModel+Parameters.swift in Sources */ = {isa = PBXBuildFile; fileRef = 8A8CB4DC29C4F1EA000AD2AF /* InstreamViewModel+Parameters.swift */; };
/* End PBXBuildFile section */

/* Begin PBXFileReference section */
		4F3B8A5C2948C58B0037367E /* InterstitialAd.swift */ = {isa = PBXFileReference; lastKnownFileType = sourcecode.swift; path = InterstitialAd.swift; sourceTree = "<group>"; };
		4F3B8A5E2948C5AB0037367E /* InterstitialViewController.swift */ = {isa = PBXFileReference; lastKnownFileType = sourcecode.swift; path = InterstitialViewController.swift; sourceTree = "<group>"; };
		4F3B8A602948C68E0037367E /* InterstitialView.swift */ = {isa = PBXFileReference; lastKnownFileType = sourcecode.swift; path = InterstitialView.swift; sourceTree = "<group>"; };
		4F3B8A622948CED10037367E /* InterstitialViewModel.swift */ = {isa = PBXFileReference; lastKnownFileType = sourcecode.swift; path = InterstitialViewModel.swift; sourceTree = "<group>"; };
		892B1A7628D1F2DC001E7AEA /* RewardedAd.swift */ = {isa = PBXFileReference; lastKnownFileType = sourcecode.swift; path = RewardedAd.swift; sourceTree = "<group>"; };
		892B1A7828D1F312001E7AEA /* RewardedViewController.swift */ = {isa = PBXFileReference; lastKnownFileType = sourcecode.swift; path = RewardedViewController.swift; sourceTree = "<group>"; };
		892B1A7A28D2089F001E7AEA /* RewardedView.swift */ = {isa = PBXFileReference; lastKnownFileType = sourcecode.swift; path = RewardedView.swift; sourceTree = "<group>"; };
		895E29452949FD1F00420050 /* RewardedViewModel.swift */ = {isa = PBXFileReference; lastKnownFileType = sourcecode.swift; path = RewardedViewModel.swift; sourceTree = "<group>"; };
		895E2949294B59BD00420050 /* InstreamViewModel.swift */ = {isa = PBXFileReference; lastKnownFileType = sourcecode.swift; path = InstreamViewModel.swift; sourceTree = "<group>"; };
		89661E1128C77F490085A8DE /* BannerViewController.swift */ = {isa = PBXFileReference; lastKnownFileType = sourcecode.swift; path = BannerViewController.swift; sourceTree = "<group>"; };
		89661E1328C7815D0085A8DE /* BannerView.swift */ = {isa = PBXFileReference; lastKnownFileType = sourcecode.swift; path = BannerView.swift; sourceTree = "<group>"; };
		89661E1628C782750085A8DE /* BannerAd.swift */ = {isa = PBXFileReference; lastKnownFileType = sourcecode.swift; path = BannerAd.swift; sourceTree = "<group>"; };
		89661E1928C8B3700085A8DE /* DefaultSlots.swift */ = {isa = PBXFileReference; fileEncoding = 4; lastKnownFileType = sourcecode.swift; path = DefaultSlots.swift; sourceTree = "<group>"; };
		89661E1B28CB994B0085A8DE /* Constants.swift */ = {isa = PBXFileReference; lastKnownFileType = sourcecode.swift; path = Constants.swift; sourceTree = "<group>"; };
		897306B1294CAD2500B689C5 /* BorderedButton.swift */ = {isa = PBXFileReference; lastKnownFileType = sourcecode.swift; path = BorderedButton.swift; sourceTree = "<group>"; };
		897306B4294CAD8300B689C5 /* HeadlineText.swift */ = {isa = PBXFileReference; lastKnownFileType = sourcecode.swift; path = HeadlineText.swift; sourceTree = "<group>"; };
		897306B6294CADA200B689C5 /* SubheadlineLabelText.swift */ = {isa = PBXFileReference; lastKnownFileType = sourcecode.swift; path = SubheadlineLabelText.swift; sourceTree = "<group>"; };
		897306B8294CADB100B689C5 /* SubheadlineValueText.swift */ = {isa = PBXFileReference; lastKnownFileType = sourcecode.swift; path = SubheadlineValueText.swift; sourceTree = "<group>"; };
		897306BA2951C82800B689C5 /* BannerViewModel.swift */ = {isa = PBXFileReference; fileEncoding = 4; lastKnownFileType = sourcecode.swift; path = BannerViewModel.swift; sourceTree = "<group>"; };
		897306BC295481DD00B689C5 /* ProgressView.swift */ = {isa = PBXFileReference; lastKnownFileType = sourcecode.swift; path = ProgressView.swift; sourceTree = "<group>"; };
		897306BE2954820700B689C5 /* WrapperView.swift */ = {isa = PBXFileReference; lastKnownFileType = sourcecode.swift; path = WrapperView.swift; sourceTree = "<group>"; };
		897862CB28E7096D0061273F /* AdState.swift */ = {isa = PBXFileReference; lastKnownFileType = sourcecode.swift; path = AdState.swift; sourceTree = "<group>"; };
		897862CD28EADE710061273F /* SplashScreen.swift */ = {isa = PBXFileReference; lastKnownFileType = sourcecode.swift; path = SplashScreen.swift; sourceTree = "<group>"; };
		897862CF28EAE9830061273F /* NativeBannerAd.swift */ = {isa = PBXFileReference; lastKnownFileType = sourcecode.swift; path = NativeBannerAd.swift; sourceTree = "<group>"; };
		897862D128EAEB4F0061273F /* NativeAd.swift */ = {isa = PBXFileReference; lastKnownFileType = sourcecode.swift; path = NativeAd.swift; sourceTree = "<group>"; };
		897862D328EAECB70061273F /* NativeBannerViewController.swift */ = {isa = PBXFileReference; lastKnownFileType = sourcecode.swift; path = NativeBannerViewController.swift; sourceTree = "<group>"; };
		897862D528EB01790061273F /* NativeBannerView.swift */ = {isa = PBXFileReference; lastKnownFileType = sourcecode.swift; path = NativeBannerView.swift; sourceTree = "<group>"; };
		897862E028EC60DE0061273F /* NativeBannerViewModel.swift */ = {isa = PBXFileReference; lastKnownFileType = sourcecode.swift; path = NativeBannerViewModel.swift; sourceTree = "<group>"; };
		897862E228EEFD0E0061273F /* InstreamAd.swift */ = {isa = PBXFileReference; lastKnownFileType = sourcecode.swift; path = InstreamAd.swift; sourceTree = "<group>"; };
		897862E428EEFD290061273F /* InstreamView.swift */ = {isa = PBXFileReference; lastKnownFileType = sourcecode.swift; path = InstreamView.swift; sourceTree = "<group>"; };
		897862E628EEFDB60061273F /* InstreamViewController.swift */ = {isa = PBXFileReference; lastKnownFileType = sourcecode.swift; path = InstreamViewController.swift; sourceTree = "<group>"; };
		897862E928F039F40061273F /* VideoPlayerView.swift */ = {isa = PBXFileReference; fileEncoding = 4; lastKnownFileType = sourcecode.swift; path = VideoPlayerView.swift; sourceTree = "<group>"; };
		897862EA28F039F40061273F /* VideoProgressView.swift */ = {isa = PBXFileReference; fileEncoding = 4; lastKnownFileType = sourcecode.swift; path = VideoProgressView.swift; sourceTree = "<group>"; };
		89A1EE3728FD6F9500F234FE /* NativeViewController.swift */ = {isa = PBXFileReference; lastKnownFileType = sourcecode.swift; path = NativeViewController.swift; sourceTree = "<group>"; };
		89A1EE3928FD70CA00F234FE /* NativeView.swift */ = {isa = PBXFileReference; lastKnownFileType = sourcecode.swift; path = NativeView.swift; sourceTree = "<group>"; };
		89A1EE3B28FD712200F234FE /* NativeViewModel.swift */ = {isa = PBXFileReference; lastKnownFileType = sourcecode.swift; path = NativeViewModel.swift; sourceTree = "<group>"; };
		89CB57E2298BB58B00CB28CA /* UIApplication+RootViewController.swift */ = {isa = PBXFileReference; lastKnownFileType = sourcecode.swift; path = "UIApplication+RootViewController.swift"; sourceTree = "<group>"; };
		89FD154328C0EC5400CD4041 /* myTargetDemo.app */ = {isa = PBXFileReference; explicitFileType = wrapper.application; includeInIndex = 0; path = myTargetDemo.app; sourceTree = BUILT_PRODUCTS_DIR; };
		89FD154628C0EC5400CD4041 /* MyTargetDemoApp.swift */ = {isa = PBXFileReference; lastKnownFileType = sourcecode.swift; path = MyTargetDemoApp.swift; sourceTree = "<group>"; };
		89FD154828C0EC5400CD4041 /* MainView.swift */ = {isa = PBXFileReference; lastKnownFileType = sourcecode.swift; path = MainView.swift; sourceTree = "<group>"; };
		89FD154A28C0EC5400CD4041 /* Assets.xcassets */ = {isa = PBXFileReference; lastKnownFileType = folder.assetcatalog; path = Assets.xcassets; sourceTree = "<group>"; };
		89FD154D28C0EC5400CD4041 /* Preview Assets.xcassets */ = {isa = PBXFileReference; lastKnownFileType = folder.assetcatalog; path = "Preview Assets.xcassets"; sourceTree = "<group>"; };
		89FD155A28C6009F00CD4041 /* MainMenu.swift */ = {isa = PBXFileReference; lastKnownFileType = sourcecode.swift; path = MainMenu.swift; sourceTree = "<group>"; };
		89FD155C28C6010900CD4041 /* Advertisment.swift */ = {isa = PBXFileReference; lastKnownFileType = sourcecode.swift; path = Advertisment.swift; sourceTree = "<group>"; };
		89FD155E28C6012700CD4041 /* AdvertismentType.swift */ = {isa = PBXFileReference; lastKnownFileType = sourcecode.swift; path = AdvertismentType.swift; sourceTree = "<group>"; };
		89FD156228C6048F00CD4041 /* MenuViewModel.swift */ = {isa = PBXFileReference; lastKnownFileType = sourcecode.swift; path = MenuViewModel.swift; sourceTree = "<group>"; };
		8A8CB4DA29C4E78C000AD2AF /* InstreamViewModel+State.swift */ = {isa = PBXFileReference; lastKnownFileType = sourcecode.swift; path = "InstreamViewModel+State.swift"; sourceTree = "<group>"; };
		8A8CB4DC29C4F1EA000AD2AF /* InstreamViewModel+Parameters.swift */ = {isa = PBXFileReference; lastKnownFileType = sourcecode.swift; path = "InstreamViewModel+Parameters.swift"; sourceTree = "<group>"; };
/* End PBXFileReference section */

/* Begin PBXFrameworksBuildPhase section */
		89FD154028C0EC5400CD4041 /* Frameworks */ = {
			isa = PBXFrameworksBuildPhase;
			buildActionMask = 2147483647;
			files = (
				89FD155628C0ED7200CD4041 /* MyTargetSDK in Frameworks */,
			);
			runOnlyForDeploymentPostprocessing = 0;
		};
/* End PBXFrameworksBuildPhase section */

/* Begin PBXGroup section */
		89661E1528C782650085A8DE /* Ads */ = {
			isa = PBXGroup;
			children = (
				89661E1628C782750085A8DE /* BannerAd.swift */,
				897862E228EEFD0E0061273F /* InstreamAd.swift */,
				4F3B8A5C2948C58B0037367E /* InterstitialAd.swift */,
				897862D128EAEB4F0061273F /* NativeAd.swift */,
				897862CF28EAE9830061273F /* NativeBannerAd.swift */,
				892B1A7628D1F2DC001E7AEA /* RewardedAd.swift */,
			);
			path = Ads;
			sourceTree = "<group>";
		};
		89661E1828C8B3700085A8DE /* Enums */ = {
			isa = PBXGroup;
			children = (
				89FD155E28C6012700CD4041 /* AdvertismentType.swift */,
				897862CB28E7096D0061273F /* AdState.swift */,
				89661E1B28CB994B0085A8DE /* Constants.swift */,
				89661E1928C8B3700085A8DE /* DefaultSlots.swift */,
			);
			path = Enums;
			sourceTree = "<group>";
		};
		897306B0294C825000B689C5 /* Video */ = {
			isa = PBXGroup;
			children = (
				897862E928F039F40061273F /* VideoPlayerView.swift */,
				897862EA28F039F40061273F /* VideoProgressView.swift */,
			);
			path = Video;
			sourceTree = "<group>";
		};
		897306B3294CAD2B00B689C5 /* Custom */ = {
			isa = PBXGroup;
			children = (
				897306B1294CAD2500B689C5 /* BorderedButton.swift */,
				897306B4294CAD8300B689C5 /* HeadlineText.swift */,
				897306BC295481DD00B689C5 /* ProgressView.swift */,
				897306B6294CADA200B689C5 /* SubheadlineLabelText.swift */,
				897306B8294CADB100B689C5 /* SubheadlineValueText.swift */,
				897306BE2954820700B689C5 /* WrapperView.swift */,
			);
			path = Custom;
			sourceTree = "<group>";
		};
		89CB57E1298BB4C000CB28CA /* Extensions */ = {
			isa = PBXGroup;
			children = (
				89CB57E2298BB58B00CB28CA /* UIApplication+RootViewController.swift */,
			);
			path = Extensions;
			sourceTree = "<group>";
		};
		89FD153A28C0EC5400CD4041 = {
			isa = PBXGroup;
			children = (
				89FD154528C0EC5400CD4041 /* myTargetDemo */,
				89FD154428C0EC5400CD4041 /* Products */,
			);
			sourceTree = "<group>";
		};
		89FD154428C0EC5400CD4041 /* Products */ = {
			isa = PBXGroup;
			children = (
				89FD154328C0EC5400CD4041 /* myTargetDemo.app */,
			);
			name = Products;
			sourceTree = "<group>";
		};
		89FD154528C0EC5400CD4041 /* myTargetDemo */ = {
			isa = PBXGroup;
			children = (
				89FD154628C0EC5400CD4041 /* MyTargetDemoApp.swift */,
				89661E1528C782650085A8DE /* Ads */,
				89FD156528C77E9F00CD4041 /* Controller */,
				89661E1828C8B3700085A8DE /* Enums */,
				89CB57E1298BB4C000CB28CA /* Extensions */,
				89FD155828C6004000CD4041 /* Model */,
				89FD155728C6003800CD4041 /* View */,
				89FD155928C6004900CD4041 /* ViewModel */,
				89FD154A28C0EC5400CD4041 /* Assets.xcassets */,
				89FD154C28C0EC5400CD4041 /* Preview Content */,
				897862CD28EADE710061273F /* SplashScreen.swift */,
			);
			path = myTargetDemo;
			sourceTree = "<group>";
		};
		89FD154C28C0EC5400CD4041 /* Preview Content */ = {
			isa = PBXGroup;
			children = (
				89FD154D28C0EC5400CD4041 /* Preview Assets.xcassets */,
			);
			path = "Preview Content";
			sourceTree = "<group>";
		};
		89FD155728C6003800CD4041 /* View */ = {
			isa = PBXGroup;
			children = (
				897306B3294CAD2B00B689C5 /* Custom */,
				897306B0294C825000B689C5 /* Video */,
				89661E1328C7815D0085A8DE /* BannerView.swift */,
				897862E428EEFD290061273F /* InstreamView.swift */,
				4F3B8A602948C68E0037367E /* InterstitialView.swift */,
				89FD154828C0EC5400CD4041 /* MainView.swift */,
				89A1EE3928FD70CA00F234FE /* NativeView.swift */,
				897862D528EB01790061273F /* NativeBannerView.swift */,
				892B1A7A28D2089F001E7AEA /* RewardedView.swift */,
			);
			path = View;
			sourceTree = "<group>";
		};
		89FD155828C6004000CD4041 /* Model */ = {
			isa = PBXGroup;
			children = (
				89FD155C28C6010900CD4041 /* Advertisment.swift */,
				89FD155A28C6009F00CD4041 /* MainMenu.swift */,
			);
			path = Model;
			sourceTree = "<group>";
		};
		89FD155928C6004900CD4041 /* ViewModel */ = {
			isa = PBXGroup;
			children = (
				897306BA2951C82800B689C5 /* BannerViewModel.swift */,
				4F3B8A622948CED10037367E /* InterstitialViewModel.swift */,
				895E2949294B59BD00420050 /* InstreamViewModel.swift */,
				8A8CB4DA29C4E78C000AD2AF /* InstreamViewModel+State.swift */,
				8A8CB4DC29C4F1EA000AD2AF /* InstreamViewModel+Parameters.swift */,
				89FD156228C6048F00CD4041 /* MenuViewModel.swift */,
				89A1EE3B28FD712200F234FE /* NativeViewModel.swift */,
				897862E028EC60DE0061273F /* NativeBannerViewModel.swift */,
				895E29452949FD1F00420050 /* RewardedViewModel.swift */,
			);
			path = ViewModel;
			sourceTree = "<group>";
		};
		89FD156528C77E9F00CD4041 /* Controller */ = {
			isa = PBXGroup;
			children = (
				89661E1128C77F490085A8DE /* BannerViewController.swift */,
				897862E628EEFDB60061273F /* InstreamViewController.swift */,
				4F3B8A5E2948C5AB0037367E /* InterstitialViewController.swift */,
				89A1EE3728FD6F9500F234FE /* NativeViewController.swift */,
				897862D328EAECB70061273F /* NativeBannerViewController.swift */,
				892B1A7828D1F312001E7AEA /* RewardedViewController.swift */,
			);
			path = Controller;
			sourceTree = "<group>";
		};
/* End PBXGroup section */

/* Begin PBXNativeTarget section */
		89FD154228C0EC5400CD4041 /* myTargetDemo */ = {
			isa = PBXNativeTarget;
			buildConfigurationList = 89FD155128C0EC5400CD4041 /* Build configuration list for PBXNativeTarget "myTargetDemo" */;
			buildPhases = (
				89FD153F28C0EC5400CD4041 /* Sources */,
				89FD154028C0EC5400CD4041 /* Frameworks */,
				89FD154128C0EC5400CD4041 /* Resources */,
				8ADB70D329F969980066F1ED /* SwiftLint */,
			);
			buildRules = (
			);
			dependencies = (
			);
			name = myTargetDemo;
			packageProductDependencies = (
				89FD155528C0ED7200CD4041 /* MyTargetSDK */,
			);
			productName = myTargetDemo;
			productReference = 89FD154328C0EC5400CD4041 /* myTargetDemo.app */;
			productType = "com.apple.product-type.application";
		};
/* End PBXNativeTarget section */

/* Begin PBXProject section */
		89FD153B28C0EC5400CD4041 /* Project object */ = {
			isa = PBXProject;
			attributes = {
				BuildIndependentTargetsInParallel = 1;
				LastSwiftUpdateCheck = 1400;
				LastUpgradeCheck = 1400;
				ORGANIZATIONNAME = VK;
				TargetAttributes = {
					89FD154228C0EC5400CD4041 = {
						CreatedOnToolsVersion = 14.0;
					};
				};
			};
			buildConfigurationList = 89FD153E28C0EC5400CD4041 /* Build configuration list for PBXProject "myTargetDemo" */;
			compatibilityVersion = "Xcode 13.0";
			developmentRegion = en;
			hasScannedForEncodings = 0;
			knownRegions = (
				en,
				Base,
			);
			mainGroup = 89FD153A28C0EC5400CD4041;
			packageReferences = (
				89FD155428C0ED7200CD4041 /* XCRemoteSwiftPackageReference "mytarget-ios-spm" */,
			);
			productRefGroup = 89FD154428C0EC5400CD4041 /* Products */;
			projectDirPath = "";
			projectRoot = "";
			targets = (
				89FD154228C0EC5400CD4041 /* myTargetDemo */,
			);
		};
/* End PBXProject section */

/* Begin PBXResourcesBuildPhase section */
		89FD154128C0EC5400CD4041 /* Resources */ = {
			isa = PBXResourcesBuildPhase;
			buildActionMask = 2147483647;
			files = (
				89FD154E28C0EC5400CD4041 /* Preview Assets.xcassets in Resources */,
				89FD154B28C0EC5400CD4041 /* Assets.xcassets in Resources */,
			);
			runOnlyForDeploymentPostprocessing = 0;
		};
/* End PBXResourcesBuildPhase section */

/* Begin PBXShellScriptBuildPhase section */
		8ADB70D329F969980066F1ED /* SwiftLint */ = {
			isa = PBXShellScriptBuildPhase;
			alwaysOutOfDate = 1;
			buildActionMask = 2147483647;
			files = (
			);
			inputFileListPaths = (
			);
			inputPaths = (
			);
			name = SwiftLint;
			outputFileListPaths = (
			);
			outputPaths = (
			);
			runOnlyForDeploymentPostprocessing = 0;
			shellPath = /bin/sh;
			shellScript = "SWIFT_LINT=${SRCROOT}/../myTarget/scripts/swiftlint\nSWIFT_LINT_CONFIG=${SRCROOT}/../.swiftlint.yml\n\nif [ -f ${SWIFT_LINT} ] && [ -f ${SWIFT_LINT_CONFIG} ]; then\n    ${SWIFT_LINT} --fix --config ${SWIFT_LINT_CONFIG}\n    ${SWIFT_LINT} lint --config ${SWIFT_LINT_CONFIG}\nfi\n";
		};
/* End PBXShellScriptBuildPhase section */

/* Begin PBXSourcesBuildPhase section */
		89FD153F28C0EC5400CD4041 /* Sources */ = {
			isa = PBXSourcesBuildPhase;
			buildActionMask = 2147483647;
			files = (
				89661E1A28C8B3700085A8DE /* DefaultSlots.swift in Sources */,
				897862ED28F039F40061273F /* VideoProgressView.swift in Sources */,
				897862D028EAE9830061273F /* NativeBannerAd.swift in Sources */,
				8A8CB4DB29C4E78C000AD2AF /* InstreamViewModel+State.swift in Sources */,
				4F3B8A5D2948C58B0037367E /* InterstitialAd.swift in Sources */,
				89A1EE3828FD6F9500F234FE /* NativeViewController.swift in Sources */,
				89FD156328C6048F00CD4041 /* MenuViewModel.swift in Sources */,
				4F3B8A612948C68E0037367E /* InterstitialView.swift in Sources */,
				897862E728EEFDB60061273F /* InstreamViewController.swift in Sources */,
				89661E1228C77F490085A8DE /* BannerViewController.swift in Sources */,
				892B1A7928D1F312001E7AEA /* RewardedViewController.swift in Sources */,
				89FD155B28C6009F00CD4041 /* MainMenu.swift in Sources */,
				89FD154928C0EC5400CD4041 /* MainView.swift in Sources */,
				892B1A7728D1F2DC001E7AEA /* RewardedAd.swift in Sources */,
				897306BB2951C82800B689C5 /* BannerViewModel.swift in Sources */,
				897862E128EC60DE0061273F /* NativeBannerViewModel.swift in Sources */,
				897306BD295481DD00B689C5 /* ProgressView.swift in Sources */,
				897306B5294CAD8300B689C5 /* HeadlineText.swift in Sources */,
				892B1A7B28D2089F001E7AEA /* RewardedView.swift in Sources */,
				897862EC28F039F40061273F /* VideoPlayerView.swift in Sources */,
				897306B2294CAD2500B689C5 /* BorderedButton.swift in Sources */,
				897862D428EAECB70061273F /* NativeBannerViewController.swift in Sources */,
				89A1EE3A28FD70CA00F234FE /* NativeView.swift in Sources */,
				89661E1428C7815D0085A8DE /* BannerView.swift in Sources */,
				89661E1728C782750085A8DE /* BannerAd.swift in Sources */,
				895E29462949FD1F00420050 /* RewardedViewModel.swift in Sources */,
				897862D628EB01790061273F /* NativeBannerView.swift in Sources */,
				89FD154728C0EC5400CD4041 /* MyTargetDemoApp.swift in Sources */,
				89FD155F28C6012700CD4041 /* AdvertismentType.swift in Sources */,
				89CB57E3298BB58B00CB28CA /* UIApplication+RootViewController.swift in Sources */,
				8A8CB4DD29C4F1EA000AD2AF /* InstreamViewModel+Parameters.swift in Sources */,
				4F3B8A5F2948C5AB0037367E /* InterstitialViewController.swift in Sources */,
				897862CE28EADE710061273F /* SplashScreen.swift in Sources */,
				897862D228EAEB4F0061273F /* NativeAd.swift in Sources */,
				89A1EE3C28FD712200F234FE /* NativeViewModel.swift in Sources */,
				897306B9294CADB100B689C5 /* SubheadlineValueText.swift in Sources */,
				89FD155D28C6010900CD4041 /* Advertisment.swift in Sources */,
				897306BF2954820700B689C5 /* WrapperView.swift in Sources */,
				897862CC28E7096D0061273F /* AdState.swift in Sources */,
				897862E528EEFD290061273F /* InstreamView.swift in Sources */,
				897306B7294CADA200B689C5 /* SubheadlineLabelText.swift in Sources */,
				895E294A294B59BD00420050 /* InstreamViewModel.swift in Sources */,
				89661E1C28CB994B0085A8DE /* Constants.swift in Sources */,
				897862E328EEFD0E0061273F /* InstreamAd.swift in Sources */,
				4F3B8A632948CED10037367E /* InterstitialViewModel.swift in Sources */,
			);
			runOnlyForDeploymentPostprocessing = 0;
		};
/* End PBXSourcesBuildPhase section */

/* Begin XCBuildConfiguration section */
		89FD154F28C0EC5400CD4041 /* Debug */ = {
			isa = XCBuildConfiguration;
			buildSettings = {
				ALWAYS_SEARCH_USER_PATHS = NO;
				CLANG_ANALYZER_NONNULL = YES;
				CLANG_ANALYZER_NUMBER_OBJECT_CONVERSION = YES_AGGRESSIVE;
				CLANG_CXX_LANGUAGE_STANDARD = "gnu++20";
				CLANG_ENABLE_MODULES = YES;
				CLANG_ENABLE_OBJC_ARC = YES;
				CLANG_ENABLE_OBJC_WEAK = YES;
				CLANG_WARN_BLOCK_CAPTURE_AUTORELEASING = YES;
				CLANG_WARN_BOOL_CONVERSION = YES;
				CLANG_WARN_COMMA = YES;
				CLANG_WARN_CONSTANT_CONVERSION = YES;
				CLANG_WARN_DEPRECATED_OBJC_IMPLEMENTATIONS = YES;
				CLANG_WARN_DIRECT_OBJC_ISA_USAGE = YES_ERROR;
				CLANG_WARN_DOCUMENTATION_COMMENTS = YES;
				CLANG_WARN_EMPTY_BODY = YES;
				CLANG_WARN_ENUM_CONVERSION = YES;
				CLANG_WARN_INFINITE_RECURSION = YES;
				CLANG_WARN_INT_CONVERSION = YES;
				CLANG_WARN_NON_LITERAL_NULL_CONVERSION = YES;
				CLANG_WARN_OBJC_IMPLICIT_RETAIN_SELF = YES;
				CLANG_WARN_OBJC_LITERAL_CONVERSION = YES;
				CLANG_WARN_OBJC_ROOT_CLASS = YES_ERROR;
				CLANG_WARN_QUOTED_INCLUDE_IN_FRAMEWORK_HEADER = YES;
				CLANG_WARN_RANGE_LOOP_ANALYSIS = YES;
				CLANG_WARN_STRICT_PROTOTYPES = YES;
				CLANG_WARN_SUSPICIOUS_MOVE = YES;
				CLANG_WARN_UNGUARDED_AVAILABILITY = YES_AGGRESSIVE;
				CLANG_WARN_UNREACHABLE_CODE = YES;
				CLANG_WARN__DUPLICATE_METHOD_MATCH = YES;
				COPY_PHASE_STRIP = NO;
				DEBUG_INFORMATION_FORMAT = dwarf;
				ENABLE_STRICT_OBJC_MSGSEND = YES;
				ENABLE_TESTABILITY = YES;
				GCC_C_LANGUAGE_STANDARD = gnu11;
				GCC_DYNAMIC_NO_PIC = NO;
				GCC_NO_COMMON_BLOCKS = YES;
				GCC_OPTIMIZATION_LEVEL = 0;
				GCC_PREPROCESSOR_DEFINITIONS = (
					"DEBUG=1",
					"$(inherited)",
				);
				GCC_WARN_64_TO_32_BIT_CONVERSION = YES;
				GCC_WARN_ABOUT_RETURN_TYPE = YES_ERROR;
				GCC_WARN_UNDECLARED_SELECTOR = YES;
				GCC_WARN_UNINITIALIZED_AUTOS = YES_AGGRESSIVE;
				GCC_WARN_UNUSED_FUNCTION = YES;
				GCC_WARN_UNUSED_VARIABLE = YES;
				IPHONEOS_DEPLOYMENT_TARGET = 16.0;
				MTL_ENABLE_DEBUG_INFO = INCLUDE_SOURCE;
				MTL_FAST_MATH = YES;
				ONLY_ACTIVE_ARCH = YES;
				SDKROOT = iphoneos;
				SWIFT_ACTIVE_COMPILATION_CONDITIONS = DEBUG;
				SWIFT_OPTIMIZATION_LEVEL = "-Onone";
			};
			name = Debug;
		};
		89FD155028C0EC5400CD4041 /* Release */ = {
			isa = XCBuildConfiguration;
			buildSettings = {
				ALWAYS_SEARCH_USER_PATHS = NO;
				CLANG_ANALYZER_NONNULL = YES;
				CLANG_ANALYZER_NUMBER_OBJECT_CONVERSION = YES_AGGRESSIVE;
				CLANG_CXX_LANGUAGE_STANDARD = "gnu++20";
				CLANG_ENABLE_MODULES = YES;
				CLANG_ENABLE_OBJC_ARC = YES;
				CLANG_ENABLE_OBJC_WEAK = YES;
				CLANG_WARN_BLOCK_CAPTURE_AUTORELEASING = YES;
				CLANG_WARN_BOOL_CONVERSION = YES;
				CLANG_WARN_COMMA = YES;
				CLANG_WARN_CONSTANT_CONVERSION = YES;
				CLANG_WARN_DEPRECATED_OBJC_IMPLEMENTATIONS = YES;
				CLANG_WARN_DIRECT_OBJC_ISA_USAGE = YES_ERROR;
				CLANG_WARN_DOCUMENTATION_COMMENTS = YES;
				CLANG_WARN_EMPTY_BODY = YES;
				CLANG_WARN_ENUM_CONVERSION = YES;
				CLANG_WARN_INFINITE_RECURSION = YES;
				CLANG_WARN_INT_CONVERSION = YES;
				CLANG_WARN_NON_LITERAL_NULL_CONVERSION = YES;
				CLANG_WARN_OBJC_IMPLICIT_RETAIN_SELF = YES;
				CLANG_WARN_OBJC_LITERAL_CONVERSION = YES;
				CLANG_WARN_OBJC_ROOT_CLASS = YES_ERROR;
				CLANG_WARN_QUOTED_INCLUDE_IN_FRAMEWORK_HEADER = YES;
				CLANG_WARN_RANGE_LOOP_ANALYSIS = YES;
				CLANG_WARN_STRICT_PROTOTYPES = YES;
				CLANG_WARN_SUSPICIOUS_MOVE = YES;
				CLANG_WARN_UNGUARDED_AVAILABILITY = YES_AGGRESSIVE;
				CLANG_WARN_UNREACHABLE_CODE = YES;
				CLANG_WARN__DUPLICATE_METHOD_MATCH = YES;
				COPY_PHASE_STRIP = NO;
				DEBUG_INFORMATION_FORMAT = "dwarf-with-dsym";
				ENABLE_NS_ASSERTIONS = NO;
				ENABLE_STRICT_OBJC_MSGSEND = YES;
				GCC_C_LANGUAGE_STANDARD = gnu11;
				GCC_NO_COMMON_BLOCKS = YES;
				GCC_WARN_64_TO_32_BIT_CONVERSION = YES;
				GCC_WARN_ABOUT_RETURN_TYPE = YES_ERROR;
				GCC_WARN_UNDECLARED_SELECTOR = YES;
				GCC_WARN_UNINITIALIZED_AUTOS = YES_AGGRESSIVE;
				GCC_WARN_UNUSED_FUNCTION = YES;
				GCC_WARN_UNUSED_VARIABLE = YES;
				IPHONEOS_DEPLOYMENT_TARGET = 16.0;
				MTL_ENABLE_DEBUG_INFO = NO;
				MTL_FAST_MATH = YES;
				SDKROOT = iphoneos;
				SWIFT_COMPILATION_MODE = wholemodule;
				SWIFT_OPTIMIZATION_LEVEL = "-O";
				VALIDATE_PRODUCT = YES;
			};
			name = Release;
		};
		89FD155228C0EC5400CD4041 /* Debug */ = {
			isa = XCBuildConfiguration;
			buildSettings = {
				ASSETCATALOG_COMPILER_APPICON_NAME = AppIcon;
				ASSETCATALOG_COMPILER_GLOBAL_ACCENT_COLOR_NAME = AccentColor;
				CODE_SIGN_STYLE = Automatic;
				CURRENT_PROJECT_VERSION = 1;
				DEVELOPMENT_ASSET_PATHS = "\"myTargetDemo/Preview Content\"";
				DEVELOPMENT_TEAM = A98KLPSGWM;
				ENABLE_PREVIEWS = YES;
				GENERATE_INFOPLIST_FILE = YES;
				INFOPLIST_KEY_UIApplicationSceneManifest_Generation = YES;
				INFOPLIST_KEY_UIApplicationSupportsIndirectInputEvents = YES;
				INFOPLIST_KEY_UILaunchScreen_Generation = YES;
				INFOPLIST_KEY_UISupportedInterfaceOrientations_iPad = "UIInterfaceOrientationPortrait UIInterfaceOrientationPortraitUpsideDown UIInterfaceOrientationLandscapeLeft UIInterfaceOrientationLandscapeRight";
				INFOPLIST_KEY_UISupportedInterfaceOrientations_iPhone = "UIInterfaceOrientationPortrait UIInterfaceOrientationLandscapeLeft UIInterfaceOrientationLandscapeRight";
				IPHONEOS_DEPLOYMENT_TARGET = 16.0;
				LD_RUNPATH_SEARCH_PATHS = (
					"$(inherited)",
					"@executable_path/Frameworks",
				);
				MARKETING_VERSION = 1.0;
				PRODUCT_BUNDLE_IDENTIFIER = com.myTarget.demo.swiftUI;
				PRODUCT_NAME = "$(TARGET_NAME)";
				SWIFT_EMIT_LOC_STRINGS = YES;
				SWIFT_VERSION = 5.0;
				TARGETED_DEVICE_FAMILY = "1,2";
			};
			name = Debug;
		};
		89FD155328C0EC5400CD4041 /* Release */ = {
			isa = XCBuildConfiguration;
			buildSettings = {
				ASSETCATALOG_COMPILER_APPICON_NAME = AppIcon;
				ASSETCATALOG_COMPILER_GLOBAL_ACCENT_COLOR_NAME = AccentColor;
				CODE_SIGN_IDENTITY = "Apple Distribution";
				CODE_SIGN_STYLE = Manual;
				CURRENT_PROJECT_VERSION = 1;
				DEVELOPMENT_ASSET_PATHS = "\"myTargetDemo/Preview Content\"";
				DEVELOPMENT_TEAM = A98KLPSGWM;
				ENABLE_PREVIEWS = YES;
				GENERATE_INFOPLIST_FILE = YES;
				INFOPLIST_KEY_UIApplicationSceneManifest_Generation = YES;
				INFOPLIST_KEY_UIApplicationSupportsIndirectInputEvents = YES;
				INFOPLIST_KEY_UILaunchScreen_Generation = YES;
				INFOPLIST_KEY_UISupportedInterfaceOrientations_iPad = "UIInterfaceOrientationPortrait UIInterfaceOrientationPortraitUpsideDown UIInterfaceOrientationLandscapeLeft UIInterfaceOrientationLandscapeRight";
				INFOPLIST_KEY_UISupportedInterfaceOrientations_iPhone = "UIInterfaceOrientationPortrait UIInterfaceOrientationLandscapeLeft UIInterfaceOrientationLandscapeRight";
				IPHONEOS_DEPLOYMENT_TARGET = 16.0;
				LD_RUNPATH_SEARCH_PATHS = (
					"$(inherited)",
					"@executable_path/Frameworks",
				);
				MARKETING_VERSION = 1.0;
				PRODUCT_BUNDLE_IDENTIFIER = com.myTarget.demo.swiftUI;
				PRODUCT_NAME = "$(TARGET_NAME)";
				PROVISIONING_PROFILE_SPECIFIER = com.myTarget.demo.swiftUI_adHoc;
				SWIFT_EMIT_LOC_STRINGS = YES;
				SWIFT_VERSION = 5.0;
				TARGETED_DEVICE_FAMILY = "1,2";
			};
			name = Release;
		};
/* End XCBuildConfiguration section */

/* Begin XCConfigurationList section */
		89FD153E28C0EC5400CD4041 /* Build configuration list for PBXProject "myTargetDemo" */ = {
			isa = XCConfigurationList;
			buildConfigurations = (
				89FD154F28C0EC5400CD4041 /* Debug */,
				89FD155028C0EC5400CD4041 /* Release */,
			);
			defaultConfigurationIsVisible = 0;
			defaultConfigurationName = Release;
		};
		89FD155128C0EC5400CD4041 /* Build configuration list for PBXNativeTarget "myTargetDemo" */ = {
			isa = XCConfigurationList;
			buildConfigurations = (
				89FD155228C0EC5400CD4041 /* Debug */,
				89FD155328C0EC5400CD4041 /* Release */,
			);
			defaultConfigurationIsVisible = 0;
			defaultConfigurationName = Release;
		};
/* End XCConfigurationList section */

/* Begin XCRemoteSwiftPackageReference section */
		89FD155428C0ED7200CD4041 /* XCRemoteSwiftPackageReference "mytarget-ios-spm" */ = {
			isa = XCRemoteSwiftPackageReference;
			repositoryURL = "https://github.com/myTargetSDK/mytarget-ios-spm";
			requirement = {
				kind = upToNextMajorVersion;
				minimumVersion = 5.0.0;
			};
		};
/* End XCRemoteSwiftPackageReference section */

/* Begin XCSwiftPackageProductDependency section */
		89FD155528C0ED7200CD4041 /* MyTargetSDK */ = {
			isa = XCSwiftPackageProductDependency;
			package = 89FD155428C0ED7200CD4041 /* XCRemoteSwiftPackageReference "mytarget-ios-spm" */;
			productName = MyTargetSDK;
		};
/* End XCSwiftPackageProductDependency section */
	};
	rootObject = 89FD153B28C0EC5400CD4041 /* Project object */;
}
