// !$*UTF8*$!
{
	archiveVersion = 1;
	classes = {
	};
	objectVersion = 46;
	objects = {

/* Begin PBXBuildFile section */
		3805ED6D1D37AF77009A77E6 /* Podfile in Resources */ = {isa = PBXBuildFile; fileRef = 3805ED6C1D37AF77009A77E6 /* Podfile */; };
		382450961D2C08880087C8EC /* myTarget-logo.png in Resources */ = {isa = PBXBuildFile; fileRef = 382450951D2C08880087C8EC /* myTarget-logo.png */; };
		382450E01D2CE88A0087C8EC /* LaunchScreen.storyboard in Resources */ = {isa = PBXBuildFile; fileRef = 382450DE1D2CE88A0087C8EC /* LaunchScreen.storyboard */; };
		386A29B21D2E9F2B00F5FF2E /* AdTypes.m in Sources */ = {isa = PBXBuildFile; fileRef = 386A29B11D2E9F2B00F5FF2E /* AdTypes.m */; };
		389415081D1BF2F200716978 /* main.m in Sources */ = {isa = PBXBuildFile; fileRef = 389415071D1BF2F200716978 /* main.m */; };
		3894150B1D1BF2F200716978 /* AppDelegate.m in Sources */ = {isa = PBXBuildFile; fileRef = 3894150A1D1BF2F200716978 /* AppDelegate.m */; };
		389415131D1BF2F200716978 /* Assets.xcassets in Resources */ = {isa = PBXBuildFile; fileRef = 389415121D1BF2F200716978 /* Assets.xcassets */; };
		389415211D1BF2F300716978 /* myTargetDemoTests.m in Sources */ = {isa = PBXBuildFile; fileRef = 389415201D1BF2F300716978 /* myTargetDemoTests.m */; };
		3894152C1D1BF2F300716978 /* myTargetDemoUITests.m in Sources */ = {isa = PBXBuildFile; fileRef = 3894152B1D1BF2F300716978 /* myTargetDemoUITests.m */; };
		389415441D1BF42100716978 /* MainViewController.m in Sources */ = {isa = PBXBuildFile; fileRef = 3894153E1D1BF42100716978 /* MainViewController.m */; };
		38CEE92B1D1C352E00743C2F /* ItemsTableViewController.m in Sources */ = {isa = PBXBuildFile; fileRef = 38CEE92A1D1C352E00743C2F /* ItemsTableViewController.m */; };
		38CEE92E1D1D619800743C2F /* InterstitialAdsViewController.m in Sources */ = {isa = PBXBuildFile; fileRef = 38CEE92D1D1D619800743C2F /* InterstitialAdsViewController.m */; };
		38CEE9321D1D79B700743C2F /* CoreLocation.framework in Frameworks */ = {isa = PBXBuildFile; fileRef = 38CEE9311D1D79B700743C2F /* CoreLocation.framework */; };
		38CEE9341D1D79D800743C2F /* SystemConfiguration.framework in Frameworks */ = {isa = PBXBuildFile; fileRef = 38CEE9331D1D79D800743C2F /* SystemConfiguration.framework */; };
		38CEE9361D1D79DD00743C2F /* AdSupport.framework in Frameworks */ = {isa = PBXBuildFile; fileRef = 38CEE9351D1D79DD00743C2F /* AdSupport.framework */; };
		38CEE9381D1D79E100743C2F /* StoreKit.framework in Frameworks */ = {isa = PBXBuildFile; fileRef = 38CEE9371D1D79E100743C2F /* StoreKit.framework */; };
		38CEE93A1D1D79ED00743C2F /* CoreTelephony.framework in Frameworks */ = {isa = PBXBuildFile; fileRef = 38CEE9391D1D79ED00743C2F /* CoreTelephony.framework */; };
		38CEE93C1D1D79F200743C2F /* AVFoundation.framework in Frameworks */ = {isa = PBXBuildFile; fileRef = 38CEE93B1D1D79F200743C2F /* AVFoundation.framework */; };
		38CEE93E1D1D79F700743C2F /* CoreMedia.framework in Frameworks */ = {isa = PBXBuildFile; fileRef = 38CEE93D1D1D79F700743C2F /* CoreMedia.framework */; };
		38CEE9441D211D8900743C2F /* myTarget-fullscreen-image.png in Resources */ = {isa = PBXBuildFile; fileRef = 38CEE9401D211D8900743C2F /* myTarget-fullscreen-image.png */; };
		38CEE9451D211D8900743C2F /* myTarget-fullscreen-promo-video.png in Resources */ = {isa = PBXBuildFile; fileRef = 38CEE9411D211D8900743C2F /* myTarget-fullscreen-promo-video.png */; };
		38CEE9461D211D8900743C2F /* myTarget-fullscreen-promo.png in Resources */ = {isa = PBXBuildFile; fileRef = 38CEE9421D211D8900743C2F /* myTarget-fullscreen-promo.png */; };
		38CEE9471D211D8900743C2F /* myTarget-fullscreen-video.png in Resources */ = {isa = PBXBuildFile; fileRef = 38CEE9431D211D8900743C2F /* myTarget-fullscreen-video.png */; };
		38CEE94A1D2155E300743C2F /* NativeAdsViewController.m in Sources */ = {isa = PBXBuildFile; fileRef = 38CEE9491D2155E300743C2F /* NativeAdsViewController.m */; };
		38CEE94E1D21878600743C2F /* plus.png in Resources */ = {isa = PBXBuildFile; fileRef = 38CEE94D1D21878600743C2F /* plus.png */; };
		38CEE9621D22766E00743C2F /* ScrollMenuViewController.m in Sources */ = {isa = PBXBuildFile; fileRef = 38CEE9611D22766E00743C2F /* ScrollMenuViewController.m */; };
		38CEE96A1D22C21700743C2F /* ScrollMenuView.m in Sources */ = {isa = PBXBuildFile; fileRef = 38CEE9691D22C21700743C2F /* ScrollMenuView.m */; };
		761D703E050FA51C5B1C5F10 /* NewAdUnitController.m in Sources */ = {isa = PBXBuildFile; fileRef = 761D7779A29A5BBCB7DFA907 /* NewAdUnitController.m */; };
		761D71FC960865FD20337B6D /* ContentStreamExampleView.m in Sources */ = {isa = PBXBuildFile; fileRef = 761D78B774F8B6B323D3F0DF /* ContentStreamExampleView.m */; };
		761D72581162CA5A6C25E3F0 /* ScrollView.m in Sources */ = {isa = PBXBuildFile; fileRef = 761D774C5F42CE9363AD3D60 /* ScrollView.m */; };
		761D726F7C487C3B2CED6CDE /* BorderCollectionViewCell.m in Sources */ = {isa = PBXBuildFile; fileRef = 761D7640054365A62D2EC70C /* BorderCollectionViewCell.m */; };
		761D75AABE294168997E9D4F /* CustomAdItem.m in Sources */ = {isa = PBXBuildFile; fileRef = 761D792ADD25E90CB090453C /* CustomAdItem.m */; };
		761D75CF58B58B15039066CB /* NewsFeedExampleView.m in Sources */ = {isa = PBXBuildFile; fileRef = 761D73C29796C9B202BFFB87 /* NewsFeedExampleView.m */; };
		761D7656FEB28D32CAB05971 /* myTarget-banners-320x50.png in Resources */ = {isa = PBXBuildFile; fileRef = 761D7DF374A03086DEE8F9D9 /* myTarget-banners-320x50.png */; };
		761D783FB2EE678F671F2B5D /* DefaultSlots.m in Sources */ = {isa = PBXBuildFile; fileRef = 761D7C800C581F750F06E013 /* DefaultSlots.m */; };
		761D79B9E39EE870CC8A7160 /* ContentWallExampleView.m in Sources */ = {isa = PBXBuildFile; fileRef = 761D760665DA0CA970293D52 /* ContentWallExampleView.m */; };
		761D79C3F67DB65C0C857FBE /* StandardBannersViewController.m in Sources */ = {isa = PBXBuildFile; fileRef = 761D7AA460F62CB0727F620F /* StandardBannersViewController.m */; };
		761D7AB1154A56CE2B28519E /* myTarget-native.png in Resources */ = {isa = PBXBuildFile; fileRef = 761D77D8AECCF5ED0F3B8F76 /* myTarget-native.png */; };
		761D7BA46EFC3C7C10940401 /* myTarget-fullscreen.png in Resources */ = {isa = PBXBuildFile; fileRef = 761D798A86932241E3101616 /* myTarget-fullscreen.png */; };
		761D7D965FF4C740B0369820 /* SimpleTextView.m in Sources */ = {isa = PBXBuildFile; fileRef = 761D79224A95111A0640725B /* SimpleTextView.m */; };
		761D7FE8D6552783965B9CDD /* ChatListExampleView.m in Sources */ = {isa = PBXBuildFile; fileRef = 761D7C6FEE73ED5D6649A7FC /* ChatListExampleView.m */; };
		891AB8581F3AEBBE0005AB9C /* InterstitialAdItem.m in Sources */ = {isa = PBXBuildFile; fileRef = 891AB8571F3AEBBE0005AB9C /* InterstitialAdItem.m */; };
		89E1062F1E5DA6AD00A050D9 /* CoreGraphics.framework in Frameworks */ = {isa = PBXBuildFile; fileRef = 89E1062E1E5DA6AD00A050D9 /* CoreGraphics.framework */; };
		89E106311E5DA6B300A050D9 /* SafariServices.framework in Frameworks */ = {isa = PBXBuildFile; fileRef = 89E106301E5DA6B300A050D9 /* SafariServices.framework */; settings = {ATTRIBUTES = (Weak, ); }; };
		89F78AB31E1546A70055C9EA /* AdItem.m in Sources */ = {isa = PBXBuildFile; fileRef = 89F78AB21E1546A70055C9EA /* AdItem.m */; };
		89F78ABA1E2F52150055C9EA /* InstreamAdsViewController.m in Sources */ = {isa = PBXBuildFile; fileRef = 89F78AB91E2F52150055C9EA /* InstreamAdsViewController.m */; };
		89F78ABD1E2F776A0055C9EA /* VideoPlayerView.m in Sources */ = {isa = PBXBuildFile; fileRef = 89F78ABC1E2F776A0055C9EA /* VideoPlayerView.m */; };
		89F78AC01E30FF400055C9EA /* VideoProgressView.m in Sources */ = {isa = PBXBuildFile; fileRef = 89F78ABF1E30FF400055C9EA /* VideoProgressView.m */; };
		89F78AC61E3250770055C9EA /* myTarget-instream.png in Resources */ = {isa = PBXBuildFile; fileRef = 89F78AC51E3250770055C9EA /* myTarget-instream.png */; };
/* End PBXBuildFile section */

/* Begin PBXContainerItemProxy section */
		3894151D1D1BF2F300716978 /* PBXContainerItemProxy */ = {
			isa = PBXContainerItemProxy;
			containerPortal = 389414FB1D1BF2F200716978 /* Project object */;
			proxyType = 1;
			remoteGlobalIDString = 389415021D1BF2F200716978;
			remoteInfo = myTargetDemo;
		};
		389415281D1BF2F300716978 /* PBXContainerItemProxy */ = {
			isa = PBXContainerItemProxy;
			containerPortal = 389414FB1D1BF2F200716978 /* Project object */;
			proxyType = 1;
			remoteGlobalIDString = 389415021D1BF2F200716978;
			remoteInfo = myTargetDemo;
		};
/* End PBXContainerItemProxy section */

/* Begin PBXFileReference section */
		3805ED6C1D37AF77009A77E6 /* Podfile */ = {isa = PBXFileReference; fileEncoding = 4; lastKnownFileType = text; path = Podfile; sourceTree = "<group>"; };
		382450951D2C08880087C8EC /* myTarget-logo.png */ = {isa = PBXFileReference; lastKnownFileType = image.png; path = "myTarget-logo.png"; sourceTree = "<group>"; };
		382450DF1D2CE88A0087C8EC /* Base */ = {isa = PBXFileReference; lastKnownFileType = file.storyboard; name = Base; path = Base.lproj/LaunchScreen.storyboard; sourceTree = "<group>"; };
		386A29B11D2E9F2B00F5FF2E /* AdTypes.m */ = {isa = PBXFileReference; fileEncoding = 4; lastKnownFileType = sourcecode.c.objc; path = AdTypes.m; sourceTree = "<group>"; };
		389415031D1BF2F200716978 /* myTargetDemo.app */ = {isa = PBXFileReference; explicitFileType = wrapper.application; includeInIndex = 0; path = myTargetDemo.app; sourceTree = BUILT_PRODUCTS_DIR; };
		389415071D1BF2F200716978 /* main.m */ = {isa = PBXFileReference; lastKnownFileType = sourcecode.c.objc; path = main.m; sourceTree = "<group>"; };
		389415091D1BF2F200716978 /* AppDelegate.h */ = {isa = PBXFileReference; lastKnownFileType = sourcecode.c.h; path = AppDelegate.h; sourceTree = "<group>"; };
		3894150A1D1BF2F200716978 /* AppDelegate.m */ = {isa = PBXFileReference; lastKnownFileType = sourcecode.c.objc; path = AppDelegate.m; sourceTree = "<group>"; };
		389415121D1BF2F200716978 /* Assets.xcassets */ = {isa = PBXFileReference; lastKnownFileType = folder.assetcatalog; path = Assets.xcassets; sourceTree = "<group>"; };
		389415171D1BF2F200716978 /* Info.plist */ = {isa = PBXFileReference; lastKnownFileType = text.plist.xml; path = Info.plist; sourceTree = "<group>"; };
		3894151C1D1BF2F300716978 /* myTargetDemoTests.xctest */ = {isa = PBXFileReference; explicitFileType = wrapper.cfbundle; includeInIndex = 0; path = myTargetDemoTests.xctest; sourceTree = BUILT_PRODUCTS_DIR; };
		389415201D1BF2F300716978 /* myTargetDemoTests.m */ = {isa = PBXFileReference; lastKnownFileType = sourcecode.c.objc; path = myTargetDemoTests.m; sourceTree = "<group>"; };
		389415221D1BF2F300716978 /* Info.plist */ = {isa = PBXFileReference; lastKnownFileType = text.plist.xml; path = Info.plist; sourceTree = "<group>"; };
		389415271D1BF2F300716978 /* myTargetDemoUITests.xctest */ = {isa = PBXFileReference; explicitFileType = wrapper.cfbundle; includeInIndex = 0; path = myTargetDemoUITests.xctest; sourceTree = BUILT_PRODUCTS_DIR; };
		3894152B1D1BF2F300716978 /* myTargetDemoUITests.m */ = {isa = PBXFileReference; lastKnownFileType = sourcecode.c.objc; path = myTargetDemoUITests.m; sourceTree = "<group>"; };
		3894152D1D1BF2F300716978 /* Info.plist */ = {isa = PBXFileReference; lastKnownFileType = text.plist.xml; path = Info.plist; sourceTree = "<group>"; };
		3894153D1D1BF42100716978 /* MainViewController.h */ = {isa = PBXFileReference; fileEncoding = 4; lastKnownFileType = sourcecode.c.h; path = MainViewController.h; sourceTree = "<group>"; };
		3894153E1D1BF42100716978 /* MainViewController.m */ = {isa = PBXFileReference; fileEncoding = 4; lastKnownFileType = sourcecode.c.objc; path = MainViewController.m; sourceTree = "<group>"; };
		38CEE9291D1C352E00743C2F /* ItemsTableViewController.h */ = {isa = PBXFileReference; fileEncoding = 4; lastKnownFileType = sourcecode.c.h; path = ItemsTableViewController.h; sourceTree = "<group>"; };
		38CEE92A1D1C352E00743C2F /* ItemsTableViewController.m */ = {isa = PBXFileReference; fileEncoding = 4; lastKnownFileType = sourcecode.c.objc; path = ItemsTableViewController.m; sourceTree = "<group>"; };
		38CEE92C1D1D619800743C2F /* InterstitialAdsViewController.h */ = {isa = PBXFileReference; fileEncoding = 4; lastKnownFileType = sourcecode.c.h; path = InterstitialAdsViewController.h; sourceTree = "<group>"; };
		38CEE92D1D1D619800743C2F /* InterstitialAdsViewController.m */ = {isa = PBXFileReference; fileEncoding = 4; lastKnownFileType = sourcecode.c.objc; path = InterstitialAdsViewController.m; sourceTree = "<group>"; };
		38CEE9311D1D79B700743C2F /* CoreLocation.framework */ = {isa = PBXFileReference; lastKnownFileType = wrapper.framework; name = CoreLocation.framework; path = System/Library/Frameworks/CoreLocation.framework; sourceTree = SDKROOT; };
		38CEE9331D1D79D800743C2F /* SystemConfiguration.framework */ = {isa = PBXFileReference; lastKnownFileType = wrapper.framework; name = SystemConfiguration.framework; path = System/Library/Frameworks/SystemConfiguration.framework; sourceTree = SDKROOT; };
		38CEE9351D1D79DD00743C2F /* AdSupport.framework */ = {isa = PBXFileReference; lastKnownFileType = wrapper.framework; name = AdSupport.framework; path = System/Library/Frameworks/AdSupport.framework; sourceTree = SDKROOT; };
		38CEE9371D1D79E100743C2F /* StoreKit.framework */ = {isa = PBXFileReference; lastKnownFileType = wrapper.framework; name = StoreKit.framework; path = System/Library/Frameworks/StoreKit.framework; sourceTree = SDKROOT; };
		38CEE9391D1D79ED00743C2F /* CoreTelephony.framework */ = {isa = PBXFileReference; lastKnownFileType = wrapper.framework; name = CoreTelephony.framework; path = System/Library/Frameworks/CoreTelephony.framework; sourceTree = SDKROOT; };
		38CEE93B1D1D79F200743C2F /* AVFoundation.framework */ = {isa = PBXFileReference; lastKnownFileType = wrapper.framework; name = AVFoundation.framework; path = System/Library/Frameworks/AVFoundation.framework; sourceTree = SDKROOT; };
		38CEE93D1D1D79F700743C2F /* CoreMedia.framework */ = {isa = PBXFileReference; lastKnownFileType = wrapper.framework; name = CoreMedia.framework; path = System/Library/Frameworks/CoreMedia.framework; sourceTree = SDKROOT; };
		38CEE9401D211D8900743C2F /* myTarget-fullscreen-image.png */ = {isa = PBXFileReference; lastKnownFileType = image.png; path = "myTarget-fullscreen-image.png"; sourceTree = "<group>"; };
		38CEE9411D211D8900743C2F /* myTarget-fullscreen-promo-video.png */ = {isa = PBXFileReference; lastKnownFileType = image.png; path = "myTarget-fullscreen-promo-video.png"; sourceTree = "<group>"; };
		38CEE9421D211D8900743C2F /* myTarget-fullscreen-promo.png */ = {isa = PBXFileReference; lastKnownFileType = image.png; path = "myTarget-fullscreen-promo.png"; sourceTree = "<group>"; };
		38CEE9431D211D8900743C2F /* myTarget-fullscreen-video.png */ = {isa = PBXFileReference; lastKnownFileType = image.png; path = "myTarget-fullscreen-video.png"; sourceTree = "<group>"; };
		38CEE9481D2155E300743C2F /* NativeAdsViewController.h */ = {isa = PBXFileReference; fileEncoding = 4; lastKnownFileType = sourcecode.c.h; path = NativeAdsViewController.h; sourceTree = "<group>"; };
		38CEE9491D2155E300743C2F /* NativeAdsViewController.m */ = {isa = PBXFileReference; fileEncoding = 4; lastKnownFileType = sourcecode.c.objc; path = NativeAdsViewController.m; sourceTree = "<group>"; };
		38CEE94D1D21878600743C2F /* plus.png */ = {isa = PBXFileReference; lastKnownFileType = image.png; path = plus.png; sourceTree = "<group>"; };
		38CEE9601D22766E00743C2F /* ScrollMenuViewController.h */ = {isa = PBXFileReference; fileEncoding = 4; lastKnownFileType = sourcecode.c.h; path = ScrollMenuViewController.h; sourceTree = "<group>"; };
		38CEE9611D22766E00743C2F /* ScrollMenuViewController.m */ = {isa = PBXFileReference; fileEncoding = 4; lastKnownFileType = sourcecode.c.objc; path = ScrollMenuViewController.m; sourceTree = "<group>"; };
		38CEE9681D22C21700743C2F /* ScrollMenuView.h */ = {isa = PBXFileReference; fileEncoding = 4; lastKnownFileType = sourcecode.c.h; path = ScrollMenuView.h; sourceTree = "<group>"; };
		38CEE9691D22C21700743C2F /* ScrollMenuView.m */ = {isa = PBXFileReference; fileEncoding = 4; lastKnownFileType = sourcecode.c.objc; path = ScrollMenuView.m; sourceTree = "<group>"; };
		761D73C29796C9B202BFFB87 /* NewsFeedExampleView.m */ = {isa = PBXFileReference; fileEncoding = 4; lastKnownFileType = sourcecode.c.objc; path = NewsFeedExampleView.m; sourceTree = "<group>"; };
		761D740CE285FD681A125A78 /* ContentWallExampleView.h */ = {isa = PBXFileReference; fileEncoding = 4; lastKnownFileType = sourcecode.c.h; path = ContentWallExampleView.h; sourceTree = "<group>"; };
		761D745C94AFB7E0006BF4D5 /* ScrollView.h */ = {isa = PBXFileReference; fileEncoding = 4; lastKnownFileType = sourcecode.c.h; path = ScrollView.h; sourceTree = "<group>"; };
		761D753D48A9FF390A2FF20A /* NewAdUnitController.h */ = {isa = PBXFileReference; fileEncoding = 4; lastKnownFileType = sourcecode.c.h; path = NewAdUnitController.h; sourceTree = "<group>"; };
		761D760665DA0CA970293D52 /* ContentWallExampleView.m */ = {isa = PBXFileReference; fileEncoding = 4; lastKnownFileType = sourcecode.c.objc; path = ContentWallExampleView.m; sourceTree = "<group>"; };
		761D7640054365A62D2EC70C /* BorderCollectionViewCell.m */ = {isa = PBXFileReference; fileEncoding = 4; lastKnownFileType = sourcecode.c.objc; path = BorderCollectionViewCell.m; sourceTree = "<group>"; };
		761D76CD51B29B3DBFD682C1 /* ChatListExampleView.h */ = {isa = PBXFileReference; fileEncoding = 4; lastKnownFileType = sourcecode.c.h; path = ChatListExampleView.h; sourceTree = "<group>"; };
		761D774C5F42CE9363AD3D60 /* ScrollView.m */ = {isa = PBXFileReference; fileEncoding = 4; lastKnownFileType = sourcecode.c.objc; path = ScrollView.m; sourceTree = "<group>"; };
		761D77658B5E453C6314E8D7 /* BorderCollectionViewCell.h */ = {isa = PBXFileReference; fileEncoding = 4; lastKnownFileType = sourcecode.c.h; path = BorderCollectionViewCell.h; sourceTree = "<group>"; };
		761D7779A29A5BBCB7DFA907 /* NewAdUnitController.m */ = {isa = PBXFileReference; fileEncoding = 4; lastKnownFileType = sourcecode.c.objc; path = NewAdUnitController.m; sourceTree = "<group>"; };
		761D77D8AECCF5ED0F3B8F76 /* myTarget-native.png */ = {isa = PBXFileReference; lastKnownFileType = image.png; path = "myTarget-native.png"; sourceTree = "<group>"; };
		761D78B774F8B6B323D3F0DF /* ContentStreamExampleView.m */ = {isa = PBXFileReference; fileEncoding = 4; lastKnownFileType = sourcecode.c.objc; path = ContentStreamExampleView.m; sourceTree = "<group>"; };
		761D79224A95111A0640725B /* SimpleTextView.m */ = {isa = PBXFileReference; fileEncoding = 4; lastKnownFileType = sourcecode.c.objc; path = SimpleTextView.m; sourceTree = "<group>"; };
		761D792ADD25E90CB090453C /* CustomAdItem.m */ = {isa = PBXFileReference; fileEncoding = 4; lastKnownFileType = sourcecode.c.objc; path = CustomAdItem.m; sourceTree = "<group>"; };
		761D798A86932241E3101616 /* myTarget-fullscreen.png */ = {isa = PBXFileReference; lastKnownFileType = image.png; path = "myTarget-fullscreen.png"; sourceTree = "<group>"; };
		761D7999DD1C57BA78E4142F /* SimpleTextView.h */ = {isa = PBXFileReference; fileEncoding = 4; lastKnownFileType = sourcecode.c.h; path = SimpleTextView.h; sourceTree = "<group>"; };
		761D7A4799A90AC3BDFB610B /* ContentStreamExampleView.h */ = {isa = PBXFileReference; fileEncoding = 4; lastKnownFileType = sourcecode.c.h; path = ContentStreamExampleView.h; sourceTree = "<group>"; };
		761D7A782484BF1C6FF959E7 /* CustomAdItem.h */ = {isa = PBXFileReference; fileEncoding = 4; lastKnownFileType = sourcecode.c.h; path = CustomAdItem.h; sourceTree = "<group>"; };
		761D7AA460F62CB0727F620F /* StandardBannersViewController.m */ = {isa = PBXFileReference; fileEncoding = 4; lastKnownFileType = sourcecode.c.objc; path = StandardBannersViewController.m; sourceTree = "<group>"; };
		761D7B204F0306AAEF30DEE3 /* AdTypes.h */ = {isa = PBXFileReference; fileEncoding = 4; lastKnownFileType = sourcecode.c.h; path = AdTypes.h; sourceTree = "<group>"; };
		761D7B515D14A12DC69EDE59 /* DefaultSlots.h */ = {isa = PBXFileReference; fileEncoding = 4; lastKnownFileType = sourcecode.c.h; path = DefaultSlots.h; sourceTree = "<group>"; };
		761D7C6FEE73ED5D6649A7FC /* ChatListExampleView.m */ = {isa = PBXFileReference; fileEncoding = 4; lastKnownFileType = sourcecode.c.objc; path = ChatListExampleView.m; sourceTree = "<group>"; };
		761D7C800C581F750F06E013 /* DefaultSlots.m */ = {isa = PBXFileReference; fileEncoding = 4; lastKnownFileType = sourcecode.c.objc; path = DefaultSlots.m; sourceTree = "<group>"; };
		761D7DDB3732CDB7ED5DBCDD /* NewsFeedExampleView.h */ = {isa = PBXFileReference; fileEncoding = 4; lastKnownFileType = sourcecode.c.h; path = NewsFeedExampleView.h; sourceTree = "<group>"; };
		761D7DF374A03086DEE8F9D9 /* myTarget-banners-320x50.png */ = {isa = PBXFileReference; lastKnownFileType = image.png; path = "myTarget-banners-320x50.png"; sourceTree = "<group>"; };
		761D7F92874B80D81EDEE89A /* StandardBannersViewController.h */ = {isa = PBXFileReference; fileEncoding = 4; lastKnownFileType = sourcecode.c.h; path = StandardBannersViewController.h; sourceTree = "<group>"; };
		891AB8561F3AEBBE0005AB9C /* InterstitialAdItem.h */ = {isa = PBXFileReference; fileEncoding = 4; lastKnownFileType = sourcecode.c.h; path = InterstitialAdItem.h; sourceTree = "<group>"; };
		891AB8571F3AEBBE0005AB9C /* InterstitialAdItem.m */ = {isa = PBXFileReference; fileEncoding = 4; lastKnownFileType = sourcecode.c.objc; path = InterstitialAdItem.m; sourceTree = "<group>"; };
		89E1062E1E5DA6AD00A050D9 /* CoreGraphics.framework */ = {isa = PBXFileReference; lastKnownFileType = wrapper.framework; name = CoreGraphics.framework; path = System/Library/Frameworks/CoreGraphics.framework; sourceTree = SDKROOT; };
		89E106301E5DA6B300A050D9 /* SafariServices.framework */ = {isa = PBXFileReference; lastKnownFileType = wrapper.framework; name = SafariServices.framework; path = System/Library/Frameworks/SafariServices.framework; sourceTree = SDKROOT; };
		89F78AB11E1546A70055C9EA /* AdItem.h */ = {isa = PBXFileReference; fileEncoding = 4; lastKnownFileType = sourcecode.c.h; path = AdItem.h; sourceTree = "<group>"; };
		89F78AB21E1546A70055C9EA /* AdItem.m */ = {isa = PBXFileReference; fileEncoding = 4; lastKnownFileType = sourcecode.c.objc; path = AdItem.m; sourceTree = "<group>"; };
		89F78AB81E2F52150055C9EA /* InstreamAdsViewController.h */ = {isa = PBXFileReference; fileEncoding = 4; lastKnownFileType = sourcecode.c.h; path = InstreamAdsViewController.h; sourceTree = "<group>"; };
		89F78AB91E2F52150055C9EA /* InstreamAdsViewController.m */ = {isa = PBXFileReference; fileEncoding = 4; lastKnownFileType = sourcecode.c.objc; path = InstreamAdsViewController.m; sourceTree = "<group>"; };
		89F78ABB1E2F776A0055C9EA /* VideoPlayerView.h */ = {isa = PBXFileReference; fileEncoding = 4; lastKnownFileType = sourcecode.c.h; path = VideoPlayerView.h; sourceTree = "<group>"; };
		89F78ABC1E2F776A0055C9EA /* VideoPlayerView.m */ = {isa = PBXFileReference; fileEncoding = 4; lastKnownFileType = sourcecode.c.objc; path = VideoPlayerView.m; sourceTree = "<group>"; };
		89F78ABE1E30FF400055C9EA /* VideoProgressView.h */ = {isa = PBXFileReference; fileEncoding = 4; lastKnownFileType = sourcecode.c.h; path = VideoProgressView.h; sourceTree = "<group>"; };
		89F78ABF1E30FF400055C9EA /* VideoProgressView.m */ = {isa = PBXFileReference; fileEncoding = 4; lastKnownFileType = sourcecode.c.objc; path = VideoProgressView.m; sourceTree = "<group>"; };
		89F78AC51E3250770055C9EA /* myTarget-instream.png */ = {isa = PBXFileReference; lastKnownFileType = image.png; path = "myTarget-instream.png"; sourceTree = "<group>"; };
/* End PBXFileReference section */

/* Begin PBXFrameworksBuildPhase section */
		389415001D1BF2F200716978 /* Frameworks */ = {
			isa = PBXFrameworksBuildPhase;
			buildActionMask = 2147483647;
			files = (
				89E106311E5DA6B300A050D9 /* SafariServices.framework in Frameworks */,
				89E1062F1E5DA6AD00A050D9 /* CoreGraphics.framework in Frameworks */,
				38CEE93E1D1D79F700743C2F /* CoreMedia.framework in Frameworks */,
				38CEE93C1D1D79F200743C2F /* AVFoundation.framework in Frameworks */,
				38CEE93A1D1D79ED00743C2F /* CoreTelephony.framework in Frameworks */,
				38CEE9381D1D79E100743C2F /* StoreKit.framework in Frameworks */,
				38CEE9361D1D79DD00743C2F /* AdSupport.framework in Frameworks */,
				38CEE9341D1D79D800743C2F /* SystemConfiguration.framework in Frameworks */,
				38CEE9321D1D79B700743C2F /* CoreLocation.framework in Frameworks */,
			);
			runOnlyForDeploymentPostprocessing = 0;
		};
		389415191D1BF2F300716978 /* Frameworks */ = {
			isa = PBXFrameworksBuildPhase;
			buildActionMask = 2147483647;
			files = (
			);
			runOnlyForDeploymentPostprocessing = 0;
		};
		389415241D1BF2F300716978 /* Frameworks */ = {
			isa = PBXFrameworksBuildPhase;
			buildActionMask = 2147483647;
			files = (
			);
			runOnlyForDeploymentPostprocessing = 0;
		};
/* End PBXFrameworksBuildPhase section */

/* Begin PBXGroup section */
		383B654A1D2E50D60035B93B /* Frameworks */ = {
			isa = PBXGroup;
			children = (
				89E106301E5DA6B300A050D9 /* SafariServices.framework */,
				89E1062E1E5DA6AD00A050D9 /* CoreGraphics.framework */,
				38CEE93D1D1D79F700743C2F /* CoreMedia.framework */,
				38CEE93B1D1D79F200743C2F /* AVFoundation.framework */,
				38CEE9391D1D79ED00743C2F /* CoreTelephony.framework */,
				38CEE9371D1D79E100743C2F /* StoreKit.framework */,
				38CEE9351D1D79DD00743C2F /* AdSupport.framework */,
				38CEE9331D1D79D800743C2F /* SystemConfiguration.framework */,
				38CEE9311D1D79B700743C2F /* CoreLocation.framework */,
			);
			name = Frameworks;
			path = myTargetDemo/Frameworks;
			sourceTree = "<group>";
		};
		389414FA1D1BF2F200716978 = {
			isa = PBXGroup;
			children = (
				3805ED6C1D37AF77009A77E6 /* Podfile */,
				383B654A1D2E50D60035B93B /* Frameworks */,
				389415051D1BF2F200716978 /* myTargetDemo */,
				3894151F1D1BF2F300716978 /* myTargetDemoTests */,
				3894152A1D1BF2F300716978 /* myTargetDemoUITests */,
				389415041D1BF2F200716978 /* Products */,
			);
			sourceTree = "<group>";
		};
		389415041D1BF2F200716978 /* Products */ = {
			isa = PBXGroup;
			children = (
				389415031D1BF2F200716978 /* myTargetDemo.app */,
				3894151C1D1BF2F300716978 /* myTargetDemoTests.xctest */,
				389415271D1BF2F300716978 /* myTargetDemoUITests.xctest */,
			);
			name = Products;
			sourceTree = "<group>";
		};
		389415051D1BF2F200716978 /* myTargetDemo */ = {
			isa = PBXGroup;
			children = (
				382450DE1D2CE88A0087C8EC /* LaunchScreen.storyboard */,
				38CEE93F1D211D8900743C2F /* Resources */,
				38CEE9231D1C1DC300743C2F /* Views */,
				389415391D1BF42100716978 /* Controllers */,
				389415091D1BF2F200716978 /* AppDelegate.h */,
				3894150A1D1BF2F200716978 /* AppDelegate.m */,
				389415121D1BF2F200716978 /* Assets.xcassets */,
				389415171D1BF2F200716978 /* Info.plist */,
				389415061D1BF2F200716978 /* Supporting Files */,
				761D75DF76A2551680C7F458 /* Enums */,
				761D77224CE40EF0AFB6F2A9 /* Models */,
			);
			path = myTargetDemo;
			sourceTree = "<group>";
		};
		389415061D1BF2F200716978 /* Supporting Files */ = {
			isa = PBXGroup;
			children = (
				389415071D1BF2F200716978 /* main.m */,
			);
			name = "Supporting Files";
			sourceTree = "<group>";
		};
		3894151F1D1BF2F300716978 /* myTargetDemoTests */ = {
			isa = PBXGroup;
			children = (
				389415201D1BF2F300716978 /* myTargetDemoTests.m */,
				389415221D1BF2F300716978 /* Info.plist */,
			);
			path = myTargetDemoTests;
			sourceTree = "<group>";
		};
		3894152A1D1BF2F300716978 /* myTargetDemoUITests */ = {
			isa = PBXGroup;
			children = (
				3894152B1D1BF2F300716978 /* myTargetDemoUITests.m */,
				3894152D1D1BF2F300716978 /* Info.plist */,
			);
			path = myTargetDemoUITests;
			sourceTree = "<group>";
		};
		389415391D1BF42100716978 /* Controllers */ = {
			isa = PBXGroup;
			children = (
				3894153D1D1BF42100716978 /* MainViewController.h */,
				3894153E1D1BF42100716978 /* MainViewController.m */,
				38CEE9291D1C352E00743C2F /* ItemsTableViewController.h */,
				38CEE92A1D1C352E00743C2F /* ItemsTableViewController.m */,
				38CEE92C1D1D619800743C2F /* InterstitialAdsViewController.h */,
				38CEE92D1D1D619800743C2F /* InterstitialAdsViewController.m */,
				38CEE9481D2155E300743C2F /* NativeAdsViewController.h */,
				38CEE9491D2155E300743C2F /* NativeAdsViewController.m */,
				38CEE9601D22766E00743C2F /* ScrollMenuViewController.h */,
				38CEE9611D22766E00743C2F /* ScrollMenuViewController.m */,
				761D7AA460F62CB0727F620F /* StandardBannersViewController.m */,
				761D7F92874B80D81EDEE89A /* StandardBannersViewController.h */,
				761D7779A29A5BBCB7DFA907 /* NewAdUnitController.m */,
				761D753D48A9FF390A2FF20A /* NewAdUnitController.h */,
				89F78AB81E2F52150055C9EA /* InstreamAdsViewController.h */,
				89F78AB91E2F52150055C9EA /* InstreamAdsViewController.m */,
			);
			path = Controllers;
			sourceTree = "<group>";
		};
		38CEE9231D1C1DC300743C2F /* Views */ = {
			isa = PBXGroup;
			children = (
				38CEE9681D22C21700743C2F /* ScrollMenuView.h */,
				38CEE9691D22C21700743C2F /* ScrollMenuView.m */,
				761D774C5F42CE9363AD3D60 /* ScrollView.m */,
				761D745C94AFB7E0006BF4D5 /* ScrollView.h */,
				761D78B774F8B6B323D3F0DF /* ContentStreamExampleView.m */,
				761D7A4799A90AC3BDFB610B /* ContentStreamExampleView.h */,
				761D79224A95111A0640725B /* SimpleTextView.m */,
				761D7999DD1C57BA78E4142F /* SimpleTextView.h */,
				761D73C29796C9B202BFFB87 /* NewsFeedExampleView.m */,
				761D7DDB3732CDB7ED5DBCDD /* NewsFeedExampleView.h */,
				761D7C6FEE73ED5D6649A7FC /* ChatListExampleView.m */,
				761D76CD51B29B3DBFD682C1 /* ChatListExampleView.h */,
				761D760665DA0CA970293D52 /* ContentWallExampleView.m */,
				761D740CE285FD681A125A78 /* ContentWallExampleView.h */,
				761D7640054365A62D2EC70C /* BorderCollectionViewCell.m */,
				761D77658B5E453C6314E8D7 /* BorderCollectionViewCell.h */,
				89F78ABB1E2F776A0055C9EA /* VideoPlayerView.h */,
				89F78ABC1E2F776A0055C9EA /* VideoPlayerView.m */,
				89F78ABE1E30FF400055C9EA /* VideoProgressView.h */,
				89F78ABF1E30FF400055C9EA /* VideoProgressView.m */,
			);
			path = Views;
			sourceTree = "<group>";
		};
		38CEE93F1D211D8900743C2F /* Resources */ = {
			isa = PBXGroup;
			children = (
				382450951D2C08880087C8EC /* myTarget-logo.png */,
				38CEE94D1D21878600743C2F /* plus.png */,
				38CEE9401D211D8900743C2F /* myTarget-fullscreen-image.png */,
				38CEE9411D211D8900743C2F /* myTarget-fullscreen-promo-video.png */,
				38CEE9421D211D8900743C2F /* myTarget-fullscreen-promo.png */,
				38CEE9431D211D8900743C2F /* myTarget-fullscreen-video.png */,
				761D798A86932241E3101616 /* myTarget-fullscreen.png */,
				761D77D8AECCF5ED0F3B8F76 /* myTarget-native.png */,
				761D7DF374A03086DEE8F9D9 /* myTarget-banners-320x50.png */,
				89F78AC51E3250770055C9EA /* myTarget-instream.png */,
			);
			path = Resources;
			sourceTree = "<group>";
		};
		761D75DF76A2551680C7F458 /* Enums */ = {
			isa = PBXGroup;
			children = (
				386A29B11D2E9F2B00F5FF2E /* AdTypes.m */,
				761D7B204F0306AAEF30DEE3 /* AdTypes.h */,
				761D7C800C581F750F06E013 /* DefaultSlots.m */,
				761D7B515D14A12DC69EDE59 /* DefaultSlots.h */,
			);
			path = Enums;
			sourceTree = "<group>";
		};
		761D77224CE40EF0AFB6F2A9 /* Models */ = {
			isa = PBXGroup;
			children = (
				89F78AB11E1546A70055C9EA /* AdItem.h */,
				89F78AB21E1546A70055C9EA /* AdItem.m */,
				761D7A782484BF1C6FF959E7 /* CustomAdItem.h */,
				761D792ADD25E90CB090453C /* CustomAdItem.m */,
				891AB8561F3AEBBE0005AB9C /* InterstitialAdItem.h */,
				891AB8571F3AEBBE0005AB9C /* InterstitialAdItem.m */,
			);
			path = Models;
			sourceTree = "<group>";
		};
/* End PBXGroup section */

/* Begin PBXNativeTarget section */
		389415021D1BF2F200716978 /* myTargetDemo */ = {
			isa = PBXNativeTarget;
			buildConfigurationList = 389415301D1BF2F300716978 /* Build configuration list for PBXNativeTarget "myTargetDemo" */;
			buildPhases = (
				389414FF1D1BF2F200716978 /* Sources */,
				389415001D1BF2F200716978 /* Frameworks */,
				389415011D1BF2F200716978 /* Resources */,
			);
			buildRules = (
			);
			dependencies = (
			);
			name = myTargetDemo;
			productName = myTargetDemo;
			productReference = 389415031D1BF2F200716978 /* myTargetDemo.app */;
			productType = "com.apple.product-type.application";
		};
		3894151B1D1BF2F300716978 /* myTargetDemoTests */ = {
			isa = PBXNativeTarget;
			buildConfigurationList = 389415331D1BF2F300716978 /* Build configuration list for PBXNativeTarget "myTargetDemoTests" */;
			buildPhases = (
				389415181D1BF2F300716978 /* Sources */,
				389415191D1BF2F300716978 /* Frameworks */,
				3894151A1D1BF2F300716978 /* Resources */,
			);
			buildRules = (
			);
			dependencies = (
				3894151E1D1BF2F300716978 /* PBXTargetDependency */,
			);
			name = myTargetDemoTests;
			productName = myTargetDemoTests;
			productReference = 3894151C1D1BF2F300716978 /* myTargetDemoTests.xctest */;
			productType = "com.apple.product-type.bundle.unit-test";
		};
		389415261D1BF2F300716978 /* myTargetDemoUITests */ = {
			isa = PBXNativeTarget;
			buildConfigurationList = 389415361D1BF2F300716978 /* Build configuration list for PBXNativeTarget "myTargetDemoUITests" */;
			buildPhases = (
				389415231D1BF2F300716978 /* Sources */,
				389415241D1BF2F300716978 /* Frameworks */,
				389415251D1BF2F300716978 /* Resources */,
			);
			buildRules = (
			);
			dependencies = (
				389415291D1BF2F300716978 /* PBXTargetDependency */,
			);
			name = myTargetDemoUITests;
			productName = myTargetDemoUITests;
			productReference = 389415271D1BF2F300716978 /* myTargetDemoUITests.xctest */;
			productType = "com.apple.product-type.bundle.ui-testing";
		};
/* End PBXNativeTarget section */

/* Begin PBXProject section */
		389414FB1D1BF2F200716978 /* Project object */ = {
			isa = PBXProject;
			attributes = {
				LastUpgradeCheck = 0730;
				ORGANIZATIONNAME = "Mail.ru Group";
				TargetAttributes = {
					389415021D1BF2F200716978 = {
						CreatedOnToolsVersion = 7.3.1;
						DevelopmentTeam = 4D6LA585PP;
					};
					3894151B1D1BF2F300716978 = {
						CreatedOnToolsVersion = 7.3.1;
						TestTargetID = 389415021D1BF2F200716978;
					};
					389415261D1BF2F300716978 = {
						CreatedOnToolsVersion = 7.3.1;
						TestTargetID = 389415021D1BF2F200716978;
					};
				};
			};
			buildConfigurationList = 389414FE1D1BF2F200716978 /* Build configuration list for PBXProject "myTargetDemo" */;
			compatibilityVersion = "Xcode 3.2";
			developmentRegion = English;
			hasScannedForEncodings = 0;
			knownRegions = (
				en,
				Base,
			);
			mainGroup = 389414FA1D1BF2F200716978;
			productRefGroup = 389415041D1BF2F200716978 /* Products */;
			projectDirPath = "";
			projectRoot = "";
			targets = (
				389415021D1BF2F200716978 /* myTargetDemo */,
				3894151B1D1BF2F300716978 /* myTargetDemoTests */,
				389415261D1BF2F300716978 /* myTargetDemoUITests */,
			);
		};
/* End PBXProject section */

/* Begin PBXResourcesBuildPhase section */
		389415011D1BF2F200716978 /* Resources */ = {
			isa = PBXResourcesBuildPhase;
			buildActionMask = 2147483647;
			files = (
				38CEE9471D211D8900743C2F /* myTarget-fullscreen-video.png in Resources */,
				38CEE9451D211D8900743C2F /* myTarget-fullscreen-promo-video.png in Resources */,
				38CEE9461D211D8900743C2F /* myTarget-fullscreen-promo.png in Resources */,
				389415131D1BF2F200716978 /* Assets.xcassets in Resources */,
				38CEE94E1D21878600743C2F /* plus.png in Resources */,
				38CEE9441D211D8900743C2F /* myTarget-fullscreen-image.png in Resources */,
				3805ED6D1D37AF77009A77E6 /* Podfile in Resources */,
				761D7BA46EFC3C7C10940401 /* myTarget-fullscreen.png in Resources */,
				761D7AB1154A56CE2B28519E /* myTarget-native.png in Resources */,
				382450961D2C08880087C8EC /* myTarget-logo.png in Resources */,
				382450E01D2CE88A0087C8EC /* LaunchScreen.storyboard in Resources */,
				761D7656FEB28D32CAB05971 /* myTarget-banners-320x50.png in Resources */,
				89F78AC61E3250770055C9EA /* myTarget-instream.png in Resources */,
			);
			runOnlyForDeploymentPostprocessing = 0;
		};
		3894151A1D1BF2F300716978 /* Resources */ = {
			isa = PBXResourcesBuildPhase;
			buildActionMask = 2147483647;
			files = (
			);
			runOnlyForDeploymentPostprocessing = 0;
		};
		389415251D1BF2F300716978 /* Resources */ = {
			isa = PBXResourcesBuildPhase;
			buildActionMask = 2147483647;
			files = (
			);
			runOnlyForDeploymentPostprocessing = 0;
		};
/* End PBXResourcesBuildPhase section */

/* Begin PBXSourcesBuildPhase section */
		389414FF1D1BF2F200716978 /* Sources */ = {
			isa = PBXSourcesBuildPhase;
			buildActionMask = 2147483647;
			files = (
				89F78ABA1E2F52150055C9EA /* InstreamAdsViewController.m in Sources */,
				38CEE96A1D22C21700743C2F /* ScrollMenuView.m in Sources */,
				3894150B1D1BF2F200716978 /* AppDelegate.m in Sources */,
				38CEE94A1D2155E300743C2F /* NativeAdsViewController.m in Sources */,
				389415081D1BF2F200716978 /* main.m in Sources */,
				389415441D1BF42100716978 /* MainViewController.m in Sources */,
				38CEE9621D22766E00743C2F /* ScrollMenuViewController.m in Sources */,
				38CEE92B1D1C352E00743C2F /* ItemsTableViewController.m in Sources */,
				891AB8581F3AEBBE0005AB9C /* InterstitialAdItem.m in Sources */,
				38CEE92E1D1D619800743C2F /* InterstitialAdsViewController.m in Sources */,
				761D72581162CA5A6C25E3F0 /* ScrollView.m in Sources */,
				89F78AB31E1546A70055C9EA /* AdItem.m in Sources */,
				761D71FC960865FD20337B6D /* ContentStreamExampleView.m in Sources */,
				386A29B21D2E9F2B00F5FF2E /* AdTypes.m in Sources */,
				89F78ABD1E2F776A0055C9EA /* VideoPlayerView.m in Sources */,
				761D7D965FF4C740B0369820 /* SimpleTextView.m in Sources */,
				761D75CF58B58B15039066CB /* NewsFeedExampleView.m in Sources */,
				761D7FE8D6552783965B9CDD /* ChatListExampleView.m in Sources */,
				761D79B9E39EE870CC8A7160 /* ContentWallExampleView.m in Sources */,
				761D79C3F67DB65C0C857FBE /* StandardBannersViewController.m in Sources */,
				761D703E050FA51C5B1C5F10 /* NewAdUnitController.m in Sources */,
				761D783FB2EE678F671F2B5D /* DefaultSlots.m in Sources */,
				89F78AC01E30FF400055C9EA /* VideoProgressView.m in Sources */,
				761D75AABE294168997E9D4F /* CustomAdItem.m in Sources */,
				761D726F7C487C3B2CED6CDE /* BorderCollectionViewCell.m in Sources */,
			);
			runOnlyForDeploymentPostprocessing = 0;
		};
		389415181D1BF2F300716978 /* Sources */ = {
			isa = PBXSourcesBuildPhase;
			buildActionMask = 2147483647;
			files = (
				389415211D1BF2F300716978 /* myTargetDemoTests.m in Sources */,
			);
			runOnlyForDeploymentPostprocessing = 0;
		};
		389415231D1BF2F300716978 /* Sources */ = {
			isa = PBXSourcesBuildPhase;
			buildActionMask = 2147483647;
			files = (
				3894152C1D1BF2F300716978 /* myTargetDemoUITests.m in Sources */,
			);
			runOnlyForDeploymentPostprocessing = 0;
		};
/* End PBXSourcesBuildPhase section */

/* Begin PBXTargetDependency section */
		3894151E1D1BF2F300716978 /* PBXTargetDependency */ = {
			isa = PBXTargetDependency;
			target = 389415021D1BF2F200716978 /* myTargetDemo */;
			targetProxy = 3894151D1D1BF2F300716978 /* PBXContainerItemProxy */;
		};
		389415291D1BF2F300716978 /* PBXTargetDependency */ = {
			isa = PBXTargetDependency;
			target = 389415021D1BF2F200716978 /* myTargetDemo */;
			targetProxy = 389415281D1BF2F300716978 /* PBXContainerItemProxy */;
		};
/* End PBXTargetDependency section */

/* Begin PBXVariantGroup section */
		382450DE1D2CE88A0087C8EC /* LaunchScreen.storyboard */ = {
			isa = PBXVariantGroup;
			children = (
				382450DF1D2CE88A0087C8EC /* Base */,
			);
			name = LaunchScreen.storyboard;
			sourceTree = "<group>";
		};
/* End PBXVariantGroup section */

/* Begin XCBuildConfiguration section */
		3894152E1D1BF2F300716978 /* Debug */ = {
			isa = XCBuildConfiguration;
			buildSettings = {
				ALWAYS_SEARCH_USER_PATHS = NO;
				CLANG_ANALYZER_NONNULL = YES;
				CLANG_CXX_LANGUAGE_STANDARD = "gnu++0x";
				CLANG_CXX_LIBRARY = "libc++";
				CLANG_ENABLE_MODULES = YES;
				CLANG_ENABLE_OBJC_ARC = YES;
				CLANG_WARN_BOOL_CONVERSION = YES;
				CLANG_WARN_CONSTANT_CONVERSION = YES;
				CLANG_WARN_DIRECT_OBJC_ISA_USAGE = YES_ERROR;
				CLANG_WARN_EMPTY_BODY = YES;
				CLANG_WARN_ENUM_CONVERSION = YES;
				CLANG_WARN_INT_CONVERSION = YES;
				CLANG_WARN_OBJC_ROOT_CLASS = YES_ERROR;
				CLANG_WARN_UNREACHABLE_CODE = YES;
				CLANG_WARN__DUPLICATE_METHOD_MATCH = YES;
				"CODE_SIGN_IDENTITY[sdk=iphoneos*]" = "iPhone Developer";
				COPY_PHASE_STRIP = NO;
				DEBUG_INFORMATION_FORMAT = dwarf;
				ENABLE_STRICT_OBJC_MSGSEND = YES;
				ENABLE_TESTABILITY = YES;
				FRAMEWORK_SEARCH_PATHS = "";
				GCC_C_LANGUAGE_STANDARD = gnu99;
				GCC_DYNAMIC_NO_PIC = NO;
				GCC_NO_COMMON_BLOCKS = YES;
				GCC_OPTIMIZATION_LEVEL = 0;
				GCC_PREPROCESSOR_DEFINITIONS = (
					"DEBUG=1",
					"$(inherited)",
				);
				GCC_WARN_64_TO_32_BIT_CONVERSION = YES;
				GCC_WARN_ABOUT_RETURN_TYPE = YES_ERROR;
				GCC_WARN_UNDECLARED_SELECTOR = YES;
				GCC_WARN_UNINITIALIZED_AUTOS = YES_AGGRESSIVE;
				GCC_WARN_UNUSED_FUNCTION = YES;
				GCC_WARN_UNUSED_VARIABLE = YES;
				IPHONEOS_DEPLOYMENT_TARGET = 7.0;
				MTL_ENABLE_DEBUG_INFO = YES;
				ONLY_ACTIVE_ARCH = YES;
				SDKROOT = iphoneos;
				TARGETED_DEVICE_FAMILY = "1,2";
			};
			name = Debug;
		};
		3894152F1D1BF2F300716978 /* Release */ = {
			isa = XCBuildConfiguration;
			buildSettings = {
				ALWAYS_SEARCH_USER_PATHS = NO;
				CLANG_ANALYZER_NONNULL = YES;
				CLANG_CXX_LANGUAGE_STANDARD = "gnu++0x";
				CLANG_CXX_LIBRARY = "libc++";
				CLANG_ENABLE_MODULES = YES;
				CLANG_ENABLE_OBJC_ARC = YES;
				CLANG_WARN_BOOL_CONVERSION = YES;
				CLANG_WARN_CONSTANT_CONVERSION = YES;
				CLANG_WARN_DIRECT_OBJC_ISA_USAGE = YES_ERROR;
				CLANG_WARN_EMPTY_BODY = YES;
				CLANG_WARN_ENUM_CONVERSION = YES;
				CLANG_WARN_INT_CONVERSION = YES;
				CLANG_WARN_OBJC_ROOT_CLASS = YES_ERROR;
				CLANG_WARN_UNREACHABLE_CODE = YES;
				CLANG_WARN__DUPLICATE_METHOD_MATCH = YES;
				"CODE_SIGN_IDENTITY[sdk=iphoneos*]" = "iPhone Developer";
				COPY_PHASE_STRIP = NO;
				DEBUG_INFORMATION_FORMAT = "dwarf-with-dsym";
				ENABLE_NS_ASSERTIONS = NO;
				ENABLE_STRICT_OBJC_MSGSEND = YES;
				FRAMEWORK_SEARCH_PATHS = "";
				GCC_C_LANGUAGE_STANDARD = gnu99;
				GCC_NO_COMMON_BLOCKS = YES;
				GCC_WARN_64_TO_32_BIT_CONVERSION = YES;
				GCC_WARN_ABOUT_RETURN_TYPE = YES_ERROR;
				GCC_WARN_UNDECLARED_SELECTOR = YES;
				GCC_WARN_UNINITIALIZED_AUTOS = YES_AGGRESSIVE;
				GCC_WARN_UNUSED_FUNCTION = YES;
				GCC_WARN_UNUSED_VARIABLE = YES;
				IPHONEOS_DEPLOYMENT_TARGET = 7.0;
				MTL_ENABLE_DEBUG_INFO = NO;
				SDKROOT = iphoneos;
				TARGETED_DEVICE_FAMILY = "1,2";
				VALIDATE_PRODUCT = YES;
			};
			name = Release;
		};
		389415311D1BF2F300716978 /* Debug */ = {
			isa = XCBuildConfiguration;
			buildSettings = {
				ASSETCATALOG_COMPILER_APPICON_NAME = AppIcon;
				ASSETCATALOG_COMPILER_LAUNCHIMAGE_NAME = "Brand Assets";
				CODE_SIGN_IDENTITY = "iPhone Developer";
				FRAMEWORK_SEARCH_PATHS = "$(inherited)";
				INFOPLIST_FILE = myTargetDemo/Info.plist;
				IPHONEOS_DEPLOYMENT_TARGET = 8.0;
				LD_RUNPATH_SEARCH_PATHS = "$(inherited) @executable_path/Frameworks";
				PRODUCT_BUNDLE_IDENTIFIER = ru.mail.adman;
				PRODUCT_NAME = "$(TARGET_NAME)";
			};
			name = Debug;
		};
		389415321D1BF2F300716978 /* Release */ = {
			isa = XCBuildConfiguration;
			buildSettings = {
				ASSETCATALOG_COMPILER_APPICON_NAME = AppIcon;
				ASSETCATALOG_COMPILER_LAUNCHIMAGE_NAME = "Brand Assets";
				CODE_SIGN_IDENTITY = "iPhone Developer";
				FRAMEWORK_SEARCH_PATHS = "$(inherited)";
				INFOPLIST_FILE = myTargetDemo/Info.plist;
				IPHONEOS_DEPLOYMENT_TARGET = 8.0;
				LD_RUNPATH_SEARCH_PATHS = "$(inherited) @executable_path/Frameworks";
				PRODUCT_BUNDLE_IDENTIFIER = ru.mail.adman;
				PRODUCT_NAME = "$(TARGET_NAME)";
			};
			name = Release;
		};
		389415341D1BF2F300716978 /* Debug */ = {
			isa = XCBuildConfiguration;
			buildSettings = {
				BUNDLE_LOADER = "$(TEST_HOST)";
				INFOPLIST_FILE = myTargetDemoTests/Info.plist;
				LD_RUNPATH_SEARCH_PATHS = "$(inherited) @executable_path/Frameworks @loader_path/Frameworks";
				PRODUCT_BUNDLE_IDENTIFIER = ru.mail.adman.myTargetDemoTests;
				PRODUCT_NAME = "$(TARGET_NAME)";
				TEST_HOST = "$(BUILT_PRODUCTS_DIR)/myTargetDemo.app/myTargetDemo";
			};
			name = Debug;
		};
		389415351D1BF2F300716978 /* Release */ = {
			isa = XCBuildConfiguration;
			buildSettings = {
				BUNDLE_LOADER = "$(TEST_HOST)";
				INFOPLIST_FILE = myTargetDemoTests/Info.plist;
				LD_RUNPATH_SEARCH_PATHS = "$(inherited) @executable_path/Frameworks @loader_path/Frameworks";
				PRODUCT_BUNDLE_IDENTIFIER = ru.mail.adman.myTargetDemoTests;
				PRODUCT_NAME = "$(TARGET_NAME)";
				TEST_HOST = "$(BUILT_PRODUCTS_DIR)/myTargetDemo.app/myTargetDemo";
			};
			name = Release;
		};
		389415371D1BF2F300716978 /* Debug */ = {
			isa = XCBuildConfiguration;
			buildSettings = {
				INFOPLIST_FILE = myTargetDemoUITests/Info.plist;
				LD_RUNPATH_SEARCH_PATHS = "$(inherited) @executable_path/Frameworks @loader_path/Frameworks";
				PRODUCT_BUNDLE_IDENTIFIER = ru.mail.adman.myTargetDemoUITests;
				PRODUCT_NAME = "$(TARGET_NAME)";
				TEST_TARGET_NAME = myTargetDemo;
			};
			name = Debug;
		};
		389415381D1BF2F300716978 /* Release */ = {
			isa = XCBuildConfiguration;
			buildSettings = {
				INFOPLIST_FILE = myTargetDemoUITests/Info.plist;
				LD_RUNPATH_SEARCH_PATHS = "$(inherited) @executable_path/Frameworks @loader_path/Frameworks";
				PRODUCT_BUNDLE_IDENTIFIER = ru.mail.adman.myTargetDemoUITests;
				PRODUCT_NAME = "$(TARGET_NAME)";
				TEST_TARGET_NAME = myTargetDemo;
			};
			name = Release;
		};
/* End XCBuildConfiguration section */

/* Begin XCConfigurationList section */
		389414FE1D1BF2F200716978 /* Build configuration list for PBXProject "myTargetDemo" */ = {
			isa = XCConfigurationList;
			buildConfigurations = (
				3894152E1D1BF2F300716978 /* Debug */,
				3894152F1D1BF2F300716978 /* Release */,
			);
			defaultConfigurationIsVisible = 0;
			defaultConfigurationName = Release;
		};
		389415301D1BF2F300716978 /* Build configuration list for PBXNativeTarget "myTargetDemo" */ = {
			isa = XCConfigurationList;
			buildConfigurations = (
				389415311D1BF2F300716978 /* Debug */,
				389415321D1BF2F300716978 /* Release */,
			);
			defaultConfigurationIsVisible = 0;
			defaultConfigurationName = Release;
		};
		389415331D1BF2F300716978 /* Build configuration list for PBXNativeTarget "myTargetDemoTests" */ = {
			isa = XCConfigurationList;
			buildConfigurations = (
				389415341D1BF2F300716978 /* Debug */,
				389415351D1BF2F300716978 /* Release */,
			);
			defaultConfigurationIsVisible = 0;
			defaultConfigurationName = Release;
		};
		389415361D1BF2F300716978 /* Build configuration list for PBXNativeTarget "myTargetDemoUITests" */ = {
			isa = XCConfigurationList;
			buildConfigurations = (
				389415371D1BF2F300716978 /* Debug */,
				389415381D1BF2F300716978 /* Release */,
			);
			defaultConfigurationIsVisible = 0;
			defaultConfigurationName = Release;
		};
/* End XCConfigurationList section */
	};
	rootObject = 389414FB1D1BF2F200716978 /* Project object */;
}
