// !$*UTF8*$!
{
	archiveVersion = 1;
	classes = {
	};
	objectVersion = 54;
	objects = {

/* Begin PBXBuildFile section */
		4F814DFC2991357000A34F7F /* AudioPlayer.swift in Sources */ = {isa = PBXBuildFile; fileRef = 4F814DFB2991357000A34F7F /* AudioPlayer.swift */; };
		4F814DFE2991429700A34F7F /* AudioPlayer+Loader.swift in Sources */ = {isa = PBXBuildFile; fileRef = 4F814DFD2991429700A34F7F /* AudioPlayer+Loader.swift */; };
		4FAC0ED728CF396400DB535C /* AlertMenu.swift in Sources */ = {isa = PBXBuildFile; fileRef = 4FAC0ED628CF396400DB535C /* AlertMenu.swift */; };
		4FAD1E5D298CF892006FE0A0 /* UIImage+Images.swift in Sources */ = {isa = PBXBuildFile; fileRef = 4FAD1E5C298CF892006FE0A0 /* UIImage+Images.swift */; };
		4FAD1E5F298D1DC2006FE0A0 /* UIImageView+Download.swift in Sources */ = {isa = PBXBuildFile; fileRef = 4FAD1E5E298D1DC2006FE0A0 /* UIImageView+Download.swift */; };
		4FB1A9DF28F58A16008656D2 /* NativeCloseManuallyViewController.swift in Sources */ = {isa = PBXBuildFile; fileRef = 4FB1A9DE28F58A16008656D2 /* NativeCloseManuallyViewController.swift */; };
		4FDFD988298BD94200D85FE7 /* InstreamAudioViewController.swift in Sources */ = {isa = PBXBuildFile; fileRef = 4FDFD987298BD94200D85FE7 /* InstreamAudioViewController.swift */; };
		4FDFD98A298BDA9500D85FE7 /* InstreamAudioView.swift in Sources */ = {isa = PBXBuildFile; fileRef = 4FDFD989298BDA9500D85FE7 /* InstreamAudioView.swift */; };
		4FF5AD3128EDA52E00B79C89 /* NativeDrawingManualViewController.swift in Sources */ = {isa = PBXBuildFile; fileRef = 4FF5AD3028EDA52E00B79C89 /* NativeDrawingManualViewController.swift */; };
		4FF5AD3528EDBEC700B79C89 /* CGSize+Resize.swift in Sources */ = {isa = PBXBuildFile; fileRef = 4FF5AD3428EDBEC700B79C89 /* CGSize+Resize.swift */; };
		891A138D22F2F11E00AE192B /* VideoPlayerView.swift in Sources */ = {isa = PBXBuildFile; fileRef = 891A138C22F2F11E00AE192B /* VideoPlayerView.swift */; };
		891A13A122F9662A00AE192B /* ProgressView.swift in Sources */ = {isa = PBXBuildFile; fileRef = 891A13A022F9662A00AE192B /* ProgressView.swift */; };
		89537E3C246BFAA400224397 /* LoadingReusableView.swift in Sources */ = {isa = PBXBuildFile; fileRef = 89537E3A246BFAA400224397 /* LoadingReusableView.swift */; };
		89BB245F22DCBEE900610CFF /* RadioButtons.swift in Sources */ = {isa = PBXBuildFile; fileRef = 89BB245E22DCBEE900610CFF /* RadioButtons.swift */; };
		89CEA60C22E6F67000D0CD1E /* UIColor+DarkMode.swift in Sources */ = {isa = PBXBuildFile; fileRef = 89CEA60B22E6F67000D0CD1E /* UIColor+DarkMode.swift */; };
		89CEA60E22E7001000D0CD1E /* CustomButton.swift in Sources */ = {isa = PBXBuildFile; fileRef = 89CEA60D22E7001000D0CD1E /* CustomButton.swift */; };
		89CEA61122E7072700D0CD1E /* DefaultSlots.swift in Sources */ = {isa = PBXBuildFile; fileRef = 89CEA61022E7072700D0CD1E /* DefaultSlots.swift */; };
		89CEA61522E74A5100D0CD1E /* NotificationView.swift in Sources */ = {isa = PBXBuildFile; fileRef = 89CEA61422E74A5100D0CD1E /* NotificationView.swift */; };
		89F0E1DC22BA71FC006B8B93 /* AppDelegate.swift in Sources */ = {isa = PBXBuildFile; fileRef = 89F0E1DB22BA71FC006B8B93 /* AppDelegate.swift */; };
		89F0E1E322BA71FD006B8B93 /* Assets.xcassets in Resources */ = {isa = PBXBuildFile; fileRef = 89F0E1E222BA71FD006B8B93 /* Assets.xcassets */; };
		89F0E1E622BA71FD006B8B93 /* LaunchScreen.storyboard in Resources */ = {isa = PBXBuildFile; fileRef = 89F0E1E422BA71FD006B8B93 /* LaunchScreen.storyboard */; };
		8A4F33C9299BC3CD00047F5A /* MenuItem.swift in Sources */ = {isa = PBXBuildFile; fileRef = 8A4F33C8299BC3CD00047F5A /* MenuItem.swift */; };
		8A4F33CB299BC6F600047F5A /* MainMenuCustomRoute.swift in Sources */ = {isa = PBXBuildFile; fileRef = 8A4F33CA299BC6F600047F5A /* MainMenuCustomRoute.swift */; };
		8A4F33CE299BC7D900047F5A /* AdvancedExamplesViewController.swift in Sources */ = {isa = PBXBuildFile; fileRef = 8A4F33CD299BC7D900047F5A /* AdvancedExamplesViewController.swift */; };
		8A4F33D0299BC8B800047F5A /* AdvancedExamplesRoute.swift in Sources */ = {isa = PBXBuildFile; fileRef = 8A4F33CF299BC8B800047F5A /* AdvancedExamplesRoute.swift */; };
		8A4F33D2299BCA4A00047F5A /* CustomCarouselViewController.swift in Sources */ = {isa = PBXBuildFile; fileRef = 8A4F33D1299BCA4A00047F5A /* CustomCarouselViewController.swift */; };
		8A4F33D5299BCDD200047F5A /* CarouselCollectionView.swift in Sources */ = {isa = PBXBuildFile; fileRef = 8A4F33D4299BCDD200047F5A /* CarouselCollectionView.swift */; };
		8A4F33D7299BCEA200047F5A /* CarouselCollectionCellView.swift in Sources */ = {isa = PBXBuildFile; fileRef = 8A4F33D6299BCEA200047F5A /* CarouselCollectionCellView.swift */; };
		8A4F33DA299BD82500047F5A /* ImageLoader.swift in Sources */ = {isa = PBXBuildFile; fileRef = 8A4F33D9299BD82500047F5A /* ImageLoader.swift */; };
		8A4F33DC299BDAE400047F5A /* UIImageView+Loading.swift in Sources */ = {isa = PBXBuildFile; fileRef = 8A4F33DB299BDAE400047F5A /* UIImageView+Loading.swift */; };
		8A4F33DE299BEFF600047F5A /* CustomNativeAdView.swift in Sources */ = {isa = PBXBuildFile; fileRef = 8A4F33DD299BEFF600047F5A /* CustomNativeAdView.swift */; };
		8A56C88428A26C1800C8086A /* Advertisment.swift in Sources */ = {isa = PBXBuildFile; fileRef = 8A56C88328A26C1800C8086A /* Advertisment.swift */; };
		8A56C88628A26C3700C8086A /* AdvertismentType.swift in Sources */ = {isa = PBXBuildFile; fileRef = 8A56C88528A26C3700C8086A /* AdvertismentType.swift */; };
		8A56C88828A26D2A00C8086A /* TitleView.swift in Sources */ = {isa = PBXBuildFile; fileRef = 8A56C88728A26D2A00C8086A /* TitleView.swift */; };
		8A56C89628A3B57300C8086A /* NativeBannerViewController.swift in Sources */ = {isa = PBXBuildFile; fileRef = 8A56C89528A3B57300C8086A /* NativeBannerViewController.swift */; };
		8A56C89828A4F71100C8086A /* GeneralCollectionCell.swift in Sources */ = {isa = PBXBuildFile; fileRef = 8A56C89728A4F71100C8086A /* GeneralCollectionCell.swift */; };
		8A56C89A28A5474900C8086A /* AdCollectionCell.swift in Sources */ = {isa = PBXBuildFile; fileRef = 8A56C89928A5474900C8086A /* AdCollectionCell.swift */; };
		8A56C89C28A6BADB00C8086A /* NativeViewController.swift in Sources */ = {isa = PBXBuildFile; fileRef = 8A56C89B28A6BADB00C8086A /* NativeViewController.swift */; };
		8A56C89E28A6CB1800C8086A /* BottomBannerViewController.swift in Sources */ = {isa = PBXBuildFile; fileRef = 8A56C89D28A6CB1800C8086A /* BottomBannerViewController.swift */; };
		8A56C8A028AAC12000C8086A /* BannerViewController.swift in Sources */ = {isa = PBXBuildFile; fileRef = 8A56C89F28AAC12000C8086A /* BannerViewController.swift */; };
		8A56C8A228ACF38700C8086A /* MainViewController.swift in Sources */ = {isa = PBXBuildFile; fileRef = 8A56C8A128ACF38700C8086A /* MainViewController.swift */; };
		8A56C8A428ACFB9600C8086A /* SceneDelegate.swift in Sources */ = {isa = PBXBuildFile; fileRef = 8A56C8A328ACFB9600C8086A /* SceneDelegate.swift */; };
		8A56C8A628AD572400C8086A /* MenuTableViewCell.swift in Sources */ = {isa = PBXBuildFile; fileRef = 8A56C8A528AD572400C8086A /* MenuTableViewCell.swift */; };
		8A56C8A828AE2F0300C8086A /* NativeSettingsViewController.swift in Sources */ = {isa = PBXBuildFile; fileRef = 8A56C8A728AE2F0300C8086A /* NativeSettingsViewController.swift */; };
		8A56C8AA28AEAA0E00C8086A /* BannerSettingsViewController.swift in Sources */ = {isa = PBXBuildFile; fileRef = 8A56C8A928AEAA0E00C8086A /* BannerSettingsViewController.swift */; };
		8A56C8AC28AF6A9D00C8086A /* InterstitialViewController.swift in Sources */ = {isa = PBXBuildFile; fileRef = 8A56C8AB28AF6A9D00C8086A /* InterstitialViewController.swift */; };
		8A56C8AE28AF76D000C8086A /* RewardedViewController.swift in Sources */ = {isa = PBXBuildFile; fileRef = 8A56C8AD28AF76D000C8086A /* RewardedViewController.swift */; };
		8A56C8B028AF7FB900C8086A /* InstreamViewController.swift in Sources */ = {isa = PBXBuildFile; fileRef = 8A56C8AF28AF7FB900C8086A /* InstreamViewController.swift */; };
		8A56C8B228AF834600C8086A /* InfoView.swift in Sources */ = {isa = PBXBuildFile; fileRef = 8A56C8B128AF834600C8086A /* InfoView.swift */; };
		8A56C8B428B37AC300C8086A /* PlayerAdButton.swift in Sources */ = {isa = PBXBuildFile; fileRef = 8A56C8B328B37AC300C8086A /* PlayerAdButton.swift */; };
		8A56C8B628B5193700C8086A /* AddingAdViewController.swift in Sources */ = {isa = PBXBuildFile; fileRef = 8A56C8B528B5193700C8086A /* AddingAdViewController.swift */; };
		8A56C8B828B51D8300C8086A /* InputView.swift in Sources */ = {isa = PBXBuildFile; fileRef = 8A56C8B728B51D8300C8086A /* InputView.swift */; };
		8A56C8BE28B6691600C8086A /* InstreamView.swift in Sources */ = {isa = PBXBuildFile; fileRef = 8A56C8BD28B6691600C8086A /* InstreamView.swift */; };
		8A56C8C628B75AFC00C8086A /* CustomAdvertisment.swift in Sources */ = {isa = PBXBuildFile; fileRef = 8A56C8C528B75AFC00C8086A /* CustomAdvertisment.swift */; };
/* End PBXBuildFile section */

/* Begin PBXFileReference section */
		4F814DFB2991357000A34F7F /* AudioPlayer.swift */ = {isa = PBXFileReference; lastKnownFileType = sourcecode.swift; path = AudioPlayer.swift; sourceTree = "<group>"; };
		4F814DFD2991429700A34F7F /* AudioPlayer+Loader.swift */ = {isa = PBXFileReference; lastKnownFileType = sourcecode.swift; path = "AudioPlayer+Loader.swift"; sourceTree = "<group>"; };
		4FAC0ED628CF396400DB535C /* AlertMenu.swift */ = {isa = PBXFileReference; fileEncoding = 4; lastKnownFileType = sourcecode.swift; path = AlertMenu.swift; sourceTree = "<group>"; };
		4FAD1E5C298CF892006FE0A0 /* UIImage+Images.swift */ = {isa = PBXFileReference; lastKnownFileType = sourcecode.swift; path = "UIImage+Images.swift"; sourceTree = "<group>"; };
		4FAD1E5E298D1DC2006FE0A0 /* UIImageView+Download.swift */ = {isa = PBXFileReference; lastKnownFileType = sourcecode.swift; path = "UIImageView+Download.swift"; sourceTree = "<group>"; };
		4FB1A9DE28F58A16008656D2 /* NativeCloseManuallyViewController.swift */ = {isa = PBXFileReference; lastKnownFileType = sourcecode.swift; path = NativeCloseManuallyViewController.swift; sourceTree = "<group>"; };
		4FDFD987298BD94200D85FE7 /* InstreamAudioViewController.swift */ = {isa = PBXFileReference; lastKnownFileType = sourcecode.swift; path = InstreamAudioViewController.swift; sourceTree = "<group>"; };
		4FDFD989298BDA9500D85FE7 /* InstreamAudioView.swift */ = {isa = PBXFileReference; lastKnownFileType = sourcecode.swift; path = InstreamAudioView.swift; sourceTree = "<group>"; };
		4FF5AD3028EDA52E00B79C89 /* NativeDrawingManualViewController.swift */ = {isa = PBXFileReference; lastKnownFileType = sourcecode.swift; path = NativeDrawingManualViewController.swift; sourceTree = "<group>"; };
		4FF5AD3428EDBEC700B79C89 /* CGSize+Resize.swift */ = {isa = PBXFileReference; lastKnownFileType = sourcecode.swift; path = "CGSize+Resize.swift"; sourceTree = "<group>"; };
		891A138C22F2F11E00AE192B /* VideoPlayerView.swift */ = {isa = PBXFileReference; lastKnownFileType = sourcecode.swift; path = VideoPlayerView.swift; sourceTree = "<group>"; };
		891A13A022F9662A00AE192B /* ProgressView.swift */ = {isa = PBXFileReference; lastKnownFileType = sourcecode.swift; path = ProgressView.swift; sourceTree = "<group>"; };
		89537E3A246BFAA400224397 /* LoadingReusableView.swift */ = {isa = PBXFileReference; lastKnownFileType = sourcecode.swift; path = LoadingReusableView.swift; sourceTree = "<group>"; };
		89862A5E2678F6E300D4408D /* AppTrackingTransparency.framework */ = {isa = PBXFileReference; lastKnownFileType = wrapper.framework; name = AppTrackingTransparency.framework; path = System/Library/Frameworks/AppTrackingTransparency.framework; sourceTree = SDKROOT; };
		89BB245E22DCBEE900610CFF /* RadioButtons.swift */ = {isa = PBXFileReference; lastKnownFileType = sourcecode.swift; path = RadioButtons.swift; sourceTree = "<group>"; };
		89CEA60B22E6F67000D0CD1E /* UIColor+DarkMode.swift */ = {isa = PBXFileReference; lastKnownFileType = sourcecode.swift; path = "UIColor+DarkMode.swift"; sourceTree = "<group>"; };
		89CEA60D22E7001000D0CD1E /* CustomButton.swift */ = {isa = PBXFileReference; lastKnownFileType = sourcecode.swift; path = CustomButton.swift; sourceTree = "<group>"; };
		89CEA61022E7072700D0CD1E /* DefaultSlots.swift */ = {isa = PBXFileReference; lastKnownFileType = sourcecode.swift; path = DefaultSlots.swift; sourceTree = "<group>"; };
		89CEA61222E7462100D0CD1E /* CoreTelephony.framework */ = {isa = PBXFileReference; lastKnownFileType = wrapper.framework; name = CoreTelephony.framework; path = System/Library/Frameworks/CoreTelephony.framework; sourceTree = SDKROOT; };
		89CEA61422E74A5100D0CD1E /* NotificationView.swift */ = {isa = PBXFileReference; lastKnownFileType = sourcecode.swift; path = NotificationView.swift; sourceTree = "<group>"; };
		89F0E1D822BA71FC006B8B93 /* myTargetDemo.app */ = {isa = PBXFileReference; explicitFileType = wrapper.application; includeInIndex = 0; path = myTargetDemo.app; sourceTree = BUILT_PRODUCTS_DIR; };
		89F0E1DB22BA71FC006B8B93 /* AppDelegate.swift */ = {isa = PBXFileReference; lastKnownFileType = sourcecode.swift; path = AppDelegate.swift; sourceTree = "<group>"; };
		89F0E1E222BA71FD006B8B93 /* Assets.xcassets */ = {isa = PBXFileReference; lastKnownFileType = folder.assetcatalog; path = Assets.xcassets; sourceTree = "<group>"; };
		89F0E1E522BA71FD006B8B93 /* Base */ = {isa = PBXFileReference; lastKnownFileType = file.storyboard; name = Base; path = Base.lproj/LaunchScreen.storyboard; sourceTree = "<group>"; };
		89F0E1E722BA71FD006B8B93 /* Info.plist */ = {isa = PBXFileReference; lastKnownFileType = text.plist.xml; path = Info.plist; sourceTree = "<group>"; };
		8A4F33C8299BC3CD00047F5A /* MenuItem.swift */ = {isa = PBXFileReference; lastKnownFileType = sourcecode.swift; path = MenuItem.swift; sourceTree = "<group>"; };
		8A4F33CA299BC6F600047F5A /* MainMenuCustomRoute.swift */ = {isa = PBXFileReference; lastKnownFileType = sourcecode.swift; path = MainMenuCustomRoute.swift; sourceTree = "<group>"; };
		8A4F33CD299BC7D900047F5A /* AdvancedExamplesViewController.swift */ = {isa = PBXFileReference; lastKnownFileType = sourcecode.swift; path = AdvancedExamplesViewController.swift; sourceTree = "<group>"; };
		8A4F33CF299BC8B800047F5A /* AdvancedExamplesRoute.swift */ = {isa = PBXFileReference; lastKnownFileType = sourcecode.swift; path = AdvancedExamplesRoute.swift; sourceTree = "<group>"; };
		8A4F33D1299BCA4A00047F5A /* CustomCarouselViewController.swift */ = {isa = PBXFileReference; lastKnownFileType = sourcecode.swift; path = CustomCarouselViewController.swift; sourceTree = "<group>"; };
		8A4F33D4299BCDD200047F5A /* CarouselCollectionView.swift */ = {isa = PBXFileReference; lastKnownFileType = sourcecode.swift; path = CarouselCollectionView.swift; sourceTree = "<group>"; };
		8A4F33D6299BCEA200047F5A /* CarouselCollectionCellView.swift */ = {isa = PBXFileReference; lastKnownFileType = sourcecode.swift; path = CarouselCollectionCellView.swift; sourceTree = "<group>"; };
		8A4F33D9299BD82500047F5A /* ImageLoader.swift */ = {isa = PBXFileReference; lastKnownFileType = sourcecode.swift; path = ImageLoader.swift; sourceTree = "<group>"; };
		8A4F33DB299BDAE400047F5A /* UIImageView+Loading.swift */ = {isa = PBXFileReference; lastKnownFileType = sourcecode.swift; path = "UIImageView+Loading.swift"; sourceTree = "<group>"; };
		8A4F33DD299BEFF600047F5A /* CustomNativeAdView.swift */ = {isa = PBXFileReference; lastKnownFileType = sourcecode.swift; path = CustomNativeAdView.swift; sourceTree = "<group>"; };
		8A56C88328A26C1800C8086A /* Advertisment.swift */ = {isa = PBXFileReference; lastKnownFileType = sourcecode.swift; path = Advertisment.swift; sourceTree = "<group>"; };
		8A56C88528A26C3700C8086A /* AdvertismentType.swift */ = {isa = PBXFileReference; lastKnownFileType = sourcecode.swift; path = AdvertismentType.swift; sourceTree = "<group>"; };
		8A56C88728A26D2A00C8086A /* TitleView.swift */ = {isa = PBXFileReference; lastKnownFileType = sourcecode.swift; path = TitleView.swift; sourceTree = "<group>"; };
		8A56C89528A3B57300C8086A /* NativeBannerViewController.swift */ = {isa = PBXFileReference; lastKnownFileType = sourcecode.swift; path = NativeBannerViewController.swift; sourceTree = "<group>"; };
		8A56C89728A4F71100C8086A /* GeneralCollectionCell.swift */ = {isa = PBXFileReference; lastKnownFileType = sourcecode.swift; path = GeneralCollectionCell.swift; sourceTree = "<group>"; };
		8A56C89928A5474900C8086A /* AdCollectionCell.swift */ = {isa = PBXFileReference; lastKnownFileType = sourcecode.swift; path = AdCollectionCell.swift; sourceTree = "<group>"; };
		8A56C89B28A6BADB00C8086A /* NativeViewController.swift */ = {isa = PBXFileReference; lastKnownFileType = sourcecode.swift; path = NativeViewController.swift; sourceTree = "<group>"; };
		8A56C89D28A6CB1800C8086A /* BottomBannerViewController.swift */ = {isa = PBXFileReference; lastKnownFileType = sourcecode.swift; path = BottomBannerViewController.swift; sourceTree = "<group>"; };
		8A56C89F28AAC12000C8086A /* BannerViewController.swift */ = {isa = PBXFileReference; lastKnownFileType = sourcecode.swift; path = BannerViewController.swift; sourceTree = "<group>"; };
		8A56C8A128ACF38700C8086A /* MainViewController.swift */ = {isa = PBXFileReference; lastKnownFileType = sourcecode.swift; path = MainViewController.swift; sourceTree = "<group>"; };
		8A56C8A328ACFB9600C8086A /* SceneDelegate.swift */ = {isa = PBXFileReference; lastKnownFileType = sourcecode.swift; path = SceneDelegate.swift; sourceTree = "<group>"; };
		8A56C8A528AD572400C8086A /* MenuTableViewCell.swift */ = {isa = PBXFileReference; lastKnownFileType = sourcecode.swift; path = MenuTableViewCell.swift; sourceTree = "<group>"; };
		8A56C8A728AE2F0300C8086A /* NativeSettingsViewController.swift */ = {isa = PBXFileReference; lastKnownFileType = sourcecode.swift; path = NativeSettingsViewController.swift; sourceTree = "<group>"; };
		8A56C8A928AEAA0E00C8086A /* BannerSettingsViewController.swift */ = {isa = PBXFileReference; lastKnownFileType = sourcecode.swift; path = BannerSettingsViewController.swift; sourceTree = "<group>"; };
		8A56C8AB28AF6A9D00C8086A /* InterstitialViewController.swift */ = {isa = PBXFileReference; lastKnownFileType = sourcecode.swift; path = InterstitialViewController.swift; sourceTree = "<group>"; };
		8A56C8AD28AF76D000C8086A /* RewardedViewController.swift */ = {isa = PBXFileReference; lastKnownFileType = sourcecode.swift; path = RewardedViewController.swift; sourceTree = "<group>"; };
		8A56C8AF28AF7FB900C8086A /* InstreamViewController.swift */ = {isa = PBXFileReference; lastKnownFileType = sourcecode.swift; path = InstreamViewController.swift; sourceTree = "<group>"; };
		8A56C8B128AF834600C8086A /* InfoView.swift */ = {isa = PBXFileReference; lastKnownFileType = sourcecode.swift; path = InfoView.swift; sourceTree = "<group>"; };
		8A56C8B328B37AC300C8086A /* PlayerAdButton.swift */ = {isa = PBXFileReference; lastKnownFileType = sourcecode.swift; path = PlayerAdButton.swift; sourceTree = "<group>"; };
		8A56C8B528B5193700C8086A /* AddingAdViewController.swift */ = {isa = PBXFileReference; lastKnownFileType = sourcecode.swift; path = AddingAdViewController.swift; sourceTree = "<group>"; };
		8A56C8B728B51D8300C8086A /* InputView.swift */ = {isa = PBXFileReference; lastKnownFileType = sourcecode.swift; path = InputView.swift; sourceTree = "<group>"; };
		8A56C8BD28B6691600C8086A /* InstreamView.swift */ = {isa = PBXFileReference; lastKnownFileType = sourcecode.swift; path = InstreamView.swift; sourceTree = "<group>"; };
		8A56C8C528B75AFC00C8086A /* CustomAdvertisment.swift */ = {isa = PBXFileReference; lastKnownFileType = sourcecode.swift; path = CustomAdvertisment.swift; sourceTree = "<group>"; };
/* End PBXFileReference section */

/* Begin PBXFrameworksBuildPhase section */
		89F0E1D522BA71FC006B8B93 /* Frameworks */ = {
			isa = PBXFrameworksBuildPhase;
			buildActionMask = 2147483647;
			files = (
			);
			runOnlyForDeploymentPostprocessing = 0;
		};
/* End PBXFrameworksBuildPhase section */

/* Begin PBXGroup section */
		4FDFD986298BD86500D85FE7 /* InstreamAudio */ = {
			isa = PBXGroup;
			children = (
				4FDFD987298BD94200D85FE7 /* InstreamAudioViewController.swift */,
				4FDFD989298BDA9500D85FE7 /* InstreamAudioView.swift */,
				4F814DFB2991357000A34F7F /* AudioPlayer.swift */,
				4F814DFD2991429700A34F7F /* AudioPlayer+Loader.swift */,
			);
			path = InstreamAudio;
			sourceTree = "<group>";
		};
		77E4B3635FAADC3AA48FF260 /* Frameworks */ = {
			isa = PBXGroup;
			children = (
				89862A5E2678F6E300D4408D /* AppTrackingTransparency.framework */,
				89CEA61222E7462100D0CD1E /* CoreTelephony.framework */,
			);
			name = Frameworks;
			sourceTree = "<group>";
		};
		894F9AB122E5FDE3008D0064 /* Extensions */ = {
			isa = PBXGroup;
			children = (
				4FF5AD3428EDBEC700B79C89 /* CGSize+Resize.swift */,
				89CEA60B22E6F67000D0CD1E /* UIColor+DarkMode.swift */,
				8A4F33DB299BDAE400047F5A /* UIImageView+Loading.swift */,
				4FAD1E5C298CF892006FE0A0 /* UIImage+Images.swift */,
				4FAD1E5E298D1DC2006FE0A0 /* UIImageView+Download.swift */,
			);
			path = Extensions;
			sourceTree = "<group>";
		};
		89BB245D22DCBEB900610CFF /* Views */ = {
			isa = PBXGroup;
			children = (
				8A56C89928A5474900C8086A /* AdCollectionCell.swift */,
				4FAC0ED628CF396400DB535C /* AlertMenu.swift */,
				89CEA60D22E7001000D0CD1E /* CustomButton.swift */,
				8A56C89728A4F71100C8086A /* GeneralCollectionCell.swift */,
				8A56C8B128AF834600C8086A /* InfoView.swift */,
				8A56C8B728B51D8300C8086A /* InputView.swift */,
				89537E3A246BFAA400224397 /* LoadingReusableView.swift */,
				8A56C8A528AD572400C8086A /* MenuTableViewCell.swift */,
				89CEA61422E74A5100D0CD1E /* NotificationView.swift */,
				8A56C8B328B37AC300C8086A /* PlayerAdButton.swift */,
				89BB245E22DCBEE900610CFF /* RadioButtons.swift */,
				8A56C88728A26D2A00C8086A /* TitleView.swift */,
				891A138C22F2F11E00AE192B /* VideoPlayerView.swift */,
				891A13A022F9662A00AE192B /* ProgressView.swift */,
			);
			path = Views;
			sourceTree = "<group>";
		};
		89CEA60F22E7070100D0CD1E /* Enums */ = {
			isa = PBXGroup;
			children = (
				8A56C88528A26C3700C8086A /* AdvertismentType.swift */,
				89CEA61022E7072700D0CD1E /* DefaultSlots.swift */,
				8A4F33CA299BC6F600047F5A /* MainMenuCustomRoute.swift */,
				8A4F33CF299BC8B800047F5A /* AdvancedExamplesRoute.swift */,
			);
			path = Enums;
			sourceTree = "<group>";
		};
		89F0E1CF22BA71FC006B8B93 = {
			isa = PBXGroup;
			children = (
				89F0E1DA22BA71FC006B8B93 /* myTargetDemo */,
				89F0E1D922BA71FC006B8B93 /* Products */,
				77E4B3635FAADC3AA48FF260 /* Frameworks */,
				B6E96249ADBC30DE0597EDE0 /* Pods */,
			);
			sourceTree = "<group>";
		};
		89F0E1D922BA71FC006B8B93 /* Products */ = {
			isa = PBXGroup;
			children = (
				89F0E1D822BA71FC006B8B93 /* myTargetDemo.app */,
			);
			name = Products;
			sourceTree = "<group>";
		};
		89F0E1DA22BA71FC006B8B93 /* myTargetDemo */ = {
			isa = PBXGroup;
			children = (
				89F0E1DB22BA71FC006B8B93 /* AppDelegate.swift */,
				8A56C8A328ACFB9600C8086A /* SceneDelegate.swift */,
				89F0E1EE22BA7463006B8B93 /* Controllers */,
				89CEA60F22E7070100D0CD1E /* Enums */,
				8A56C88228A26C0900C8086A /* Models */,
				89BB245D22DCBEB900610CFF /* Views */,
				8A4F33D8299BD81100047F5A /* Managers */,
				894F9AB122E5FDE3008D0064 /* Extensions */,
				89F0E1ED22BA7379006B8B93 /* Supporting Files */,
			);
			path = myTargetDemo;
			sourceTree = "<group>";
		};
		89F0E1ED22BA7379006B8B93 /* Supporting Files */ = {
			isa = PBXGroup;
			children = (
				89F0E1E222BA71FD006B8B93 /* Assets.xcassets */,
				89F0E1E422BA71FD006B8B93 /* LaunchScreen.storyboard */,
				89F0E1E722BA71FD006B8B93 /* Info.plist */,
			);
			path = "Supporting Files";
			sourceTree = "<group>";
		};
		89F0E1EE22BA7463006B8B93 /* Controllers */ = {
			isa = PBXGroup;
			children = (
				8A56C8A128ACF38700C8086A /* MainViewController.swift */,
				8A56C8B528B5193700C8086A /* AddingAdViewController.swift */,
				8A56C8BF28B679F000C8086A /* Banners */,
				8A56C8C028B67A0100C8086A /* Interstitial */,
				8A56C8C128B67A0D00C8086A /* Rewarded */,
				8A56C8C228B67A1400C8086A /* Native */,
				8A56C8C328B67A1F00C8086A /* Native banner */,
				8A56C8C428B67A2B00C8086A /* Instream */,
				8A4F33CC299BC75800047F5A /* Advanced */,
				4FDFD986298BD86500D85FE7 /* InstreamAudio */,
			);
			path = Controllers;
			sourceTree = "<group>";
		};
		8A4F33CC299BC75800047F5A /* Advanced */ = {
			isa = PBXGroup;
			children = (
				8A4F33CD299BC7D900047F5A /* AdvancedExamplesViewController.swift */,
				8A4F33D3299BCD9000047F5A /* Custom Carousel */,
			);
			path = Advanced;
			sourceTree = "<group>";
		};
		8A4F33D3299BCD9000047F5A /* Custom Carousel */ = {
			isa = PBXGroup;
			children = (
				8A4F33D6299BCEA200047F5A /* CarouselCollectionCellView.swift */,
				8A4F33D4299BCDD200047F5A /* CarouselCollectionView.swift */,
				8A4F33D1299BCA4A00047F5A /* CustomCarouselViewController.swift */,
				8A4F33DD299BEFF600047F5A /* CustomNativeAdView.swift */,
			);
			path = "Custom Carousel";
			sourceTree = "<group>";
		};
		8A4F33D8299BD81100047F5A /* Managers */ = {
			isa = PBXGroup;
			children = (
				8A4F33D9299BD82500047F5A /* ImageLoader.swift */,
			);
			path = Managers;
			sourceTree = "<group>";
		};
		8A56C88228A26C0900C8086A /* Models */ = {
			isa = PBXGroup;
			children = (
				8A56C88328A26C1800C8086A /* Advertisment.swift */,
				8A56C8C528B75AFC00C8086A /* CustomAdvertisment.swift */,
				8A4F33C8299BC3CD00047F5A /* MenuItem.swift */,
			);
			path = Models;
			sourceTree = "<group>";
		};
		8A56C8BF28B679F000C8086A /* Banners */ = {
			isa = PBXGroup;
			children = (
				8A56C8A928AEAA0E00C8086A /* BannerSettingsViewController.swift */,
				8A56C89F28AAC12000C8086A /* BannerViewController.swift */,
				8A56C89D28A6CB1800C8086A /* BottomBannerViewController.swift */,
			);
			path = Banners;
			sourceTree = "<group>";
		};
		8A56C8C028B67A0100C8086A /* Interstitial */ = {
			isa = PBXGroup;
			children = (
				8A56C8AB28AF6A9D00C8086A /* InterstitialViewController.swift */,
			);
			path = Interstitial;
			sourceTree = "<group>";
		};
		8A56C8C128B67A0D00C8086A /* Rewarded */ = {
			isa = PBXGroup;
			children = (
				8A56C8AD28AF76D000C8086A /* RewardedViewController.swift */,
			);
			path = Rewarded;
			sourceTree = "<group>";
		};
		8A56C8C228B67A1400C8086A /* Native */ = {
			isa = PBXGroup;
			children = (
				8A56C8A728AE2F0300C8086A /* NativeSettingsViewController.swift */,
				8A56C89B28A6BADB00C8086A /* NativeViewController.swift */,
				4FF5AD3028EDA52E00B79C89 /* NativeDrawingManualViewController.swift */,
				4FB1A9DE28F58A16008656D2 /* NativeCloseManuallyViewController.swift */,
			);
			path = Native;
			sourceTree = "<group>";
		};
		8A56C8C328B67A1F00C8086A /* Native banner */ = {
			isa = PBXGroup;
			children = (
				8A56C89528A3B57300C8086A /* NativeBannerViewController.swift */,
			);
			path = "Native banner";
			sourceTree = "<group>";
		};
		8A56C8C428B67A2B00C8086A /* Instream */ = {
			isa = PBXGroup;
			children = (
				8A56C8AF28AF7FB900C8086A /* InstreamViewController.swift */,
				8A56C8BD28B6691600C8086A /* InstreamView.swift */,
			);
			path = Instream;
			sourceTree = "<group>";
		};
		B6E96249ADBC30DE0597EDE0 /* Pods */ = {
			isa = PBXGroup;
			children = (
			);
			path = Pods;
			sourceTree = "<group>";
		};
/* End PBXGroup section */

/* Begin PBXNativeTarget section */
		89F0E1D722BA71FC006B8B93 /* myTargetDemo */ = {
			isa = PBXNativeTarget;
			buildConfigurationList = 89F0E1EA22BA71FD006B8B93 /* Build configuration list for PBXNativeTarget "myTargetDemo" */;
			buildPhases = (
				89F0E1D422BA71FC006B8B93 /* Sources */,
				89F0E1D522BA71FC006B8B93 /* Frameworks */,
				89F0E1D622BA71FC006B8B93 /* Resources */,
				8ADB70D229F967C00066F1ED /* SwiftLint */,
			);
			buildRules = (
			);
			dependencies = (
			);
			name = myTargetDemo;
			productName = myTargetDemo;
			productReference = 89F0E1D822BA71FC006B8B93 /* myTargetDemo.app */;
			productType = "com.apple.product-type.application";
		};
/* End PBXNativeTarget section */

/* Begin PBXProject section */
		89F0E1D022BA71FC006B8B93 /* Project object */ = {
			isa = PBXProject;
			attributes = {
				LastSwiftUpdateCheck = 1020;
				LastUpgradeCheck = 1020;
				ORGANIZATIONNAME = "Mail.ru Group";
				TargetAttributes = {
					89F0E1D722BA71FC006B8B93 = {
						CreatedOnToolsVersion = 10.2.1;
					};
				};
			};
			buildConfigurationList = 89F0E1D322BA71FC006B8B93 /* Build configuration list for PBXProject "myTargetDemo" */;
			compatibilityVersion = "Xcode 9.3";
			developmentRegion = en;
			hasScannedForEncodings = 0;
			knownRegions = (
				en,
				Base,
			);
			mainGroup = 89F0E1CF22BA71FC006B8B93;
			productRefGroup = 89F0E1D922BA71FC006B8B93 /* Products */;
			projectDirPath = "";
			projectRoot = "";
			targets = (
				89F0E1D722BA71FC006B8B93 /* myTargetDemo */,
			);
		};
/* End PBXProject section */

/* Begin PBXResourcesBuildPhase section */
		89F0E1D622BA71FC006B8B93 /* Resources */ = {
			isa = PBXResourcesBuildPhase;
			buildActionMask = 2147483647;
			files = (
				89F0E1E622BA71FD006B8B93 /* LaunchScreen.storyboard in Resources */,
				89F0E1E322BA71FD006B8B93 /* Assets.xcassets in Resources */,
			);
			runOnlyForDeploymentPostprocessing = 0;
		};
/* End PBXResourcesBuildPhase section */

/* Begin PBXShellScriptBuildPhase section */
		8ADB70D229F967C00066F1ED /* SwiftLint */ = {
			isa = PBXShellScriptBuildPhase;
			alwaysOutOfDate = 1;
			buildActionMask = 2147483647;
			files = (
			);
			inputFileListPaths = (
			);
			inputPaths = (
			);
			name = SwiftLint;
			outputFileListPaths = (
			);
			outputPaths = (
			);
			runOnlyForDeploymentPostprocessing = 0;
			shellPath = /bin/sh;
			shellScript = "SWIFT_LINT=${SRCROOT}/../myTarget/scripts/swiftlint\nSWIFT_LINT_CONFIG=${SRCROOT}/../.swiftlint.yml\n\nif [ -f ${SWIFT_LINT} ] && [ -f ${SWIFT_LINT_CONFIG} ]; then\n    ${SWIFT_LINT} --fix --config ${SWIFT_LINT_CONFIG}\n    ${SWIFT_LINT} lint --config ${SWIFT_LINT_CONFIG}\nfi\n";
		};
/* End PBXShellScriptBuildPhase section */

/* Begin PBXSourcesBuildPhase section */
		89F0E1D422BA71FC006B8B93 /* Sources */ = {
			isa = PBXSourcesBuildPhase;
			buildActionMask = 2147483647;
			files = (
				8A56C8C628B75AFC00C8086A /* CustomAdvertisment.swift in Sources */,
				8A56C8B028AF7FB900C8086A /* InstreamViewController.swift in Sources */,
				8A56C8B828B51D8300C8086A /* InputView.swift in Sources */,
				89CEA60C22E6F67000D0CD1E /* UIColor+DarkMode.swift in Sources */,
				4F814DFE2991429700A34F7F /* AudioPlayer+Loader.swift in Sources */,
				8A56C8A628AD572400C8086A /* MenuTableViewCell.swift in Sources */,
				8A56C8AC28AF6A9D00C8086A /* InterstitialViewController.swift in Sources */,
				8A4F33CE299BC7D900047F5A /* AdvancedExamplesViewController.swift in Sources */,
				8A4F33C9299BC3CD00047F5A /* MenuItem.swift in Sources */,
				89CEA61122E7072700D0CD1E /* DefaultSlots.swift in Sources */,
				89CEA61522E74A5100D0CD1E /* NotificationView.swift in Sources */,
				8A56C89C28A6BADB00C8086A /* NativeViewController.swift in Sources */,
				4FDFD988298BD94200D85FE7 /* InstreamAudioViewController.swift in Sources */,
				4FAC0ED728CF396400DB535C /* AlertMenu.swift in Sources */,
				8A4F33D5299BCDD200047F5A /* CarouselCollectionView.swift in Sources */,
				891A13A122F9662A00AE192B /* ProgressView.swift in Sources */,
				8A56C8B228AF834600C8086A /* InfoView.swift in Sources */,
				4FF5AD3528EDBEC700B79C89 /* CGSize+Resize.swift in Sources */,
				8A4F33D2299BCA4A00047F5A /* CustomCarouselViewController.swift in Sources */,
				4FB1A9DF28F58A16008656D2 /* NativeCloseManuallyViewController.swift in Sources */,
				89BB245F22DCBEE900610CFF /* RadioButtons.swift in Sources */,
				8A56C8A228ACF38700C8086A /* MainViewController.swift in Sources */,
				8A4F33DE299BEFF600047F5A /* CustomNativeAdView.swift in Sources */,
				8A56C8A428ACFB9600C8086A /* SceneDelegate.swift in Sources */,
				8A56C8A028AAC12000C8086A /* BannerViewController.swift in Sources */,
				89537E3C246BFAA400224397 /* LoadingReusableView.swift in Sources */,
				8A56C89828A4F71100C8086A /* GeneralCollectionCell.swift in Sources */,
				89F0E1DC22BA71FC006B8B93 /* AppDelegate.swift in Sources */,
				8A4F33D0299BC8B800047F5A /* AdvancedExamplesRoute.swift in Sources */,
				8A4F33D7299BCEA200047F5A /* CarouselCollectionCellView.swift in Sources */,
				8A56C8BE28B6691600C8086A /* InstreamView.swift in Sources */,
				8A56C8AE28AF76D000C8086A /* RewardedViewController.swift in Sources */,
				4FAD1E5F298D1DC2006FE0A0 /* UIImageView+Download.swift in Sources */,
				8A56C89E28A6CB1800C8086A /* BottomBannerViewController.swift in Sources */,
				89CEA60E22E7001000D0CD1E /* CustomButton.swift in Sources */,
				8A56C88628A26C3700C8086A /* AdvertismentType.swift in Sources */,
				8A4F33DC299BDAE400047F5A /* UIImageView+Loading.swift in Sources */,
				4FAD1E5D298CF892006FE0A0 /* UIImage+Images.swift in Sources */,
				8A56C88428A26C1800C8086A /* Advertisment.swift in Sources */,
				8A56C8B428B37AC300C8086A /* PlayerAdButton.swift in Sources */,
				8A56C88828A26D2A00C8086A /* TitleView.swift in Sources */,
				4F814DFC2991357000A34F7F /* AudioPlayer.swift in Sources */,
				8A56C89628A3B57300C8086A /* NativeBannerViewController.swift in Sources */,
				8A4F33DA299BD82500047F5A /* ImageLoader.swift in Sources */,
				4FF5AD3128EDA52E00B79C89 /* NativeDrawingManualViewController.swift in Sources */,
				4FDFD98A298BDA9500D85FE7 /* InstreamAudioView.swift in Sources */,
				8A56C8B628B5193700C8086A /* AddingAdViewController.swift in Sources */,
				891A138D22F2F11E00AE192B /* VideoPlayerView.swift in Sources */,
				8A56C89A28A5474900C8086A /* AdCollectionCell.swift in Sources */,
				8A56C8AA28AEAA0E00C8086A /* BannerSettingsViewController.swift in Sources */,
				8A4F33CB299BC6F600047F5A /* MainMenuCustomRoute.swift in Sources */,
				8A56C8A828AE2F0300C8086A /* NativeSettingsViewController.swift in Sources */,
			);
			runOnlyForDeploymentPostprocessing = 0;
		};
/* End PBXSourcesBuildPhase section */

/* Begin PBXVariantGroup section */
		89F0E1E422BA71FD006B8B93 /* LaunchScreen.storyboard */ = {
			isa = PBXVariantGroup;
			children = (
				89F0E1E522BA71FD006B8B93 /* Base */,
			);
			name = LaunchScreen.storyboard;
			sourceTree = "<group>";
		};
/* End PBXVariantGroup section */

/* Begin XCBuildConfiguration section */
		89F0E1E822BA71FD006B8B93 /* Debug */ = {
			isa = XCBuildConfiguration;
			buildSettings = {
				ALWAYS_SEARCH_USER_PATHS = NO;
				CLANG_ANALYZER_NONNULL = YES;
				CLANG_ANALYZER_NUMBER_OBJECT_CONVERSION = YES_AGGRESSIVE;
				CLANG_CXX_LANGUAGE_STANDARD = "gnu++14";
				CLANG_CXX_LIBRARY = "libc++";
				CLANG_ENABLE_MODULES = YES;
				CLANG_ENABLE_OBJC_ARC = YES;
				CLANG_ENABLE_OBJC_WEAK = YES;
				CLANG_WARN_BLOCK_CAPTURE_AUTORELEASING = YES;
				CLANG_WARN_BOOL_CONVERSION = YES;
				CLANG_WARN_COMMA = YES;
				CLANG_WARN_CONSTANT_CONVERSION = YES;
				CLANG_WARN_DEPRECATED_OBJC_IMPLEMENTATIONS = YES;
				CLANG_WARN_DIRECT_OBJC_ISA_USAGE = YES_ERROR;
				CLANG_WARN_DOCUMENTATION_COMMENTS = YES;
				CLANG_WARN_EMPTY_BODY = YES;
				CLANG_WARN_ENUM_CONVERSION = YES;
				CLANG_WARN_INFINITE_RECURSION = YES;
				CLANG_WARN_INT_CONVERSION = YES;
				CLANG_WARN_NON_LITERAL_NULL_CONVERSION = YES;
				CLANG_WARN_OBJC_IMPLICIT_RETAIN_SELF = YES;
				CLANG_WARN_OBJC_LITERAL_CONVERSION = YES;
				CLANG_WARN_OBJC_ROOT_CLASS = YES_ERROR;
				CLANG_WARN_RANGE_LOOP_ANALYSIS = YES;
				CLANG_WARN_STRICT_PROTOTYPES = YES;
				CLANG_WARN_SUSPICIOUS_MOVE = YES;
				CLANG_WARN_UNGUARDED_AVAILABILITY = YES_AGGRESSIVE;
				CLANG_WARN_UNREACHABLE_CODE = YES;
				CLANG_WARN__DUPLICATE_METHOD_MATCH = YES;
				CODE_SIGN_IDENTITY = "iPhone Developer";
				COPY_PHASE_STRIP = NO;
				DEBUG_INFORMATION_FORMAT = dwarf;
				ENABLE_STRICT_OBJC_MSGSEND = YES;
				ENABLE_TESTABILITY = YES;
				"EXCLUDED_ARCHS[sdk=iphoneos*]" = "i386 x86_64";
				"EXCLUDED_ARCHS[sdk=iphonesimulator*]" = "i386 armv7 armv7s";
				GCC_C_LANGUAGE_STANDARD = gnu11;
				GCC_DYNAMIC_NO_PIC = NO;
				GCC_NO_COMMON_BLOCKS = YES;
				GCC_OPTIMIZATION_LEVEL = 0;
				GCC_PREPROCESSOR_DEFINITIONS = (
					"DEBUG=1",
					"$(inherited)",
				);
				GCC_WARN_64_TO_32_BIT_CONVERSION = YES;
				GCC_WARN_ABOUT_RETURN_TYPE = YES_ERROR;
				GCC_WARN_UNDECLARED_SELECTOR = YES;
				GCC_WARN_UNINITIALIZED_AUTOS = YES_AGGRESSIVE;
				GCC_WARN_UNUSED_FUNCTION = YES;
				GCC_WARN_UNUSED_VARIABLE = YES;
				IPHONEOS_DEPLOYMENT_TARGET = 12.4;
				MTL_ENABLE_DEBUG_INFO = INCLUDE_SOURCE;
				MTL_FAST_MATH = YES;
				ONLY_ACTIVE_ARCH = YES;
				SDKROOT = iphoneos;
				SWIFT_ACTIVE_COMPILATION_CONDITIONS = DEBUG;
				SWIFT_OPTIMIZATION_LEVEL = "-Onone";
			};
			name = Debug;
		};
		89F0E1E922BA71FD006B8B93 /* Release */ = {
			isa = XCBuildConfiguration;
			buildSettings = {
				ALWAYS_SEARCH_USER_PATHS = NO;
				CLANG_ANALYZER_NONNULL = YES;
				CLANG_ANALYZER_NUMBER_OBJECT_CONVERSION = YES_AGGRESSIVE;
				CLANG_CXX_LANGUAGE_STANDARD = "gnu++14";
				CLANG_CXX_LIBRARY = "libc++";
				CLANG_ENABLE_MODULES = YES;
				CLANG_ENABLE_OBJC_ARC = YES;
				CLANG_ENABLE_OBJC_WEAK = YES;
				CLANG_WARN_BLOCK_CAPTURE_AUTORELEASING = YES;
				CLANG_WARN_BOOL_CONVERSION = YES;
				CLANG_WARN_COMMA = YES;
				CLANG_WARN_CONSTANT_CONVERSION = YES;
				CLANG_WARN_DEPRECATED_OBJC_IMPLEMENTATIONS = YES;
				CLANG_WARN_DIRECT_OBJC_ISA_USAGE = YES_ERROR;
				CLANG_WARN_DOCUMENTATION_COMMENTS = YES;
				CLANG_WARN_EMPTY_BODY = YES;
				CLANG_WARN_ENUM_CONVERSION = YES;
				CLANG_WARN_INFINITE_RECURSION = YES;
				CLANG_WARN_INT_CONVERSION = YES;
				CLANG_WARN_NON_LITERAL_NULL_CONVERSION = YES;
				CLANG_WARN_OBJC_IMPLICIT_RETAIN_SELF = YES;
				CLANG_WARN_OBJC_LITERAL_CONVERSION = YES;
				CLANG_WARN_OBJC_ROOT_CLASS = YES_ERROR;
				CLANG_WARN_RANGE_LOOP_ANALYSIS = YES;
				CLANG_WARN_STRICT_PROTOTYPES = YES;
				CLANG_WARN_SUSPICIOUS_MOVE = YES;
				CLANG_WARN_UNGUARDED_AVAILABILITY = YES_AGGRESSIVE;
				CLANG_WARN_UNREACHABLE_CODE = YES;
				CLANG_WARN__DUPLICATE_METHOD_MATCH = YES;
				CODE_SIGN_IDENTITY = "iPhone Developer";
				COPY_PHASE_STRIP = NO;
				DEBUG_INFORMATION_FORMAT = "dwarf-with-dsym";
				ENABLE_NS_ASSERTIONS = NO;
				ENABLE_STRICT_OBJC_MSGSEND = YES;
				"EXCLUDED_ARCHS[sdk=iphoneos*]" = "i386 x86_64";
				"EXCLUDED_ARCHS[sdk=iphonesimulator*]" = "i386 armv7 armv7s";
				GCC_C_LANGUAGE_STANDARD = gnu11;
				GCC_NO_COMMON_BLOCKS = YES;
				GCC_WARN_64_TO_32_BIT_CONVERSION = YES;
				GCC_WARN_ABOUT_RETURN_TYPE = YES_ERROR;
				GCC_WARN_UNDECLARED_SELECTOR = YES;
				GCC_WARN_UNINITIALIZED_AUTOS = YES_AGGRESSIVE;
				GCC_WARN_UNUSED_FUNCTION = YES;
				GCC_WARN_UNUSED_VARIABLE = YES;
				IPHONEOS_DEPLOYMENT_TARGET = 12.4;
				MTL_ENABLE_DEBUG_INFO = NO;
				MTL_FAST_MATH = YES;
				SDKROOT = iphoneos;
				SWIFT_COMPILATION_MODE = wholemodule;
				SWIFT_OPTIMIZATION_LEVEL = "-O";
				VALIDATE_PRODUCT = YES;
			};
			name = Release;
		};
		89F0E1EB22BA71FD006B8B93 /* Debug */ = {
			isa = XCBuildConfiguration;
			buildSettings = {
				ASSETCATALOG_COMPILER_APPICON_NAME = AppIcon;
				CODE_SIGN_STYLE = Automatic;
				CURRENT_PROJECT_VERSION = 1;
				DEVELOPMENT_TEAM = A98KLPSGWM;
				ENABLE_BITCODE = NO;
				GCC_TREAT_WARNINGS_AS_ERRORS = YES;
				INFOPLIST_FILE = "myTargetDemo/Supporting Files/Info.plist";
				IPHONEOS_DEPLOYMENT_TARGET = 12.4;
				LD_RUNPATH_SEARCH_PATHS = (
					"$(inherited)",
					"@executable_path/Frameworks",
				);
				MARKETING_VERSION = 2.0;
				PRODUCT_BUNDLE_IDENTIFIER = com.myTarget.demo;
				PRODUCT_NAME = "$(TARGET_NAME)";
				SWIFT_TREAT_WARNINGS_AS_ERRORS = YES;
				SWIFT_VERSION = 5.0;
				TARGETED_DEVICE_FAMILY = "1,2";
			};
			name = Debug;
		};
		89F0E1EC22BA71FD006B8B93 /* Release */ = {
			isa = XCBuildConfiguration;
			buildSettings = {
				ASSETCATALOG_COMPILER_APPICON_NAME = AppIcon;
				CODE_SIGN_IDENTITY = "iPhone Distribution";
				CODE_SIGN_STYLE = Manual;
				CURRENT_PROJECT_VERSION = 1;
				DEVELOPMENT_TEAM = A98KLPSGWM;
				ENABLE_BITCODE = NO;
				GCC_TREAT_WARNINGS_AS_ERRORS = YES;
				INFOPLIST_FILE = "myTargetDemo/Supporting Files/Info.plist";
				IPHONEOS_DEPLOYMENT_TARGET = 12.4;
				LD_RUNPATH_SEARCH_PATHS = (
					"$(inherited)",
					"@executable_path/Frameworks",
				);
				MARKETING_VERSION = 2.0;
				PRODUCT_BUNDLE_IDENTIFIER = com.myTarget.demo;
				PRODUCT_NAME = "$(TARGET_NAME)";
				PROVISIONING_PROFILE_SPECIFIER = com.myTarget.demo_adHoc;
				SWIFT_TREAT_WARNINGS_AS_ERRORS = YES;
				SWIFT_VERSION = 5.0;
				TARGETED_DEVICE_FAMILY = "1,2";
			};
			name = Release;
		};
/* End XCBuildConfiguration section */

/* Begin XCConfigurationList section */
		89F0E1D322BA71FC006B8B93 /* Build configuration list for PBXProject "myTargetDemo" */ = {
			isa = XCConfigurationList;
			buildConfigurations = (
				89F0E1E822BA71FD006B8B93 /* Debug */,
				89F0E1E922BA71FD006B8B93 /* Release */,
			);
			defaultConfigurationIsVisible = 0;
			defaultConfigurationName = Release;
		};
		89F0E1EA22BA71FD006B8B93 /* Build configuration list for PBXNativeTarget "myTargetDemo" */ = {
			isa = XCConfigurationList;
			buildConfigurations = (
				89F0E1EB22BA71FD006B8B93 /* Debug */,
				89F0E1EC22BA71FD006B8B93 /* Release */,
			);
			defaultConfigurationIsVisible = 0;
			defaultConfigurationName = Release;
		};
/* End XCConfigurationList section */
	};
	rootObject = 89F0E1D022BA71FC006B8B93 /* Project object */;
}
